{
  "version": 1,
  "dependencies": {
    "net8.0": {
      "Diginsight.Components": {
        "type": "Direct",
        "requested": "[1.*, )",
        "resolved": "1.0.0.114",
        "contentHash": "R4BQr7wqYn+Nad24Yr7SGUkpZDK3u567IiZ/MQ1R+prLv5JiVeiJ1t9xl7riwLmKpeBhTco0ZdrIY2rJ1Nx1bA==",
        "dependencies": {
          "Diginsight.Components.Abstractions": "1.0.0.114",
          "Diginsight.Core": "3.8.0.2",
          "Diginsight.Diagnostics": "3.8.0.2",
          "Microsoft.AspNetCore.Http.Abstractions": "2.3.0",
          "Microsoft.Extensions.Configuration": "10.0.11",
          "Microsoft.Extensions.Configuration.Abstractions": "10.0.11",
          "Microsoft.Extensions.Http": "10.0.11",
          "Microsoft.Extensions.Logging": "10.0.11",
          "Microsoft.Extensions.Logging.Abstractions": "10.0.11",
          "Microsoft.Identity.Client": "4.88.0",
          "Newtonsoft.Json": "13.0.4",
          "System.IdentityModel.Tokens.Jwt": "8.22.0",
          "System.Security.Cryptography.ProtectedData": "10.0.11"
        }
      },
      "Diginsight.Components.Azure": {
        "type": "Direct",
        "requested": "[1.*, )",
        "resolved": "1.0.0.114",
        "contentHash": "/PJVI2wtFaXZkGd0MOsUeW5kQULpEMsT4mGRakSfT0bG6uABCKFtSeoZkZN2yKKCvx6C5K57Oz9JIC/YxXu9XQ==",
        "dependencies": {
          "Azure.Data.Tables": "12.12.0",
          "Diginsight.Components": "1.0.0.114",
          "Diginsight.Components.Azure.Abstractions": "1.0.0.114",
          "Diginsight.Components.Configuration.Abstractions": "1.0.0.114",
          "Diginsight.Core": "3.8.0.2",
          "Diginsight.Diagnostics": "3.8.0.2",
          "Microsoft.Azure.Cosmos": "3.62.1",
          "Microsoft.Extensions.Logging.Abstractions": "10.0.11",
          "System.Linq.Async": "7.0.1",
          "System.Linq.Async.Queryable": "7.0.1"
        }
      },
      "Diginsight.Core": {
        "type": "Direct",
        "requested": "[3.7.*, )",
        "resolved": "3.7.1.13",
        "contentHash": "Ds14x3WIyHMqcFQCm3F+zVadxBCHrZllOiBmCbx9y4ClO9tjXyZmYL8WiM192I6taWqnd3Qs/7RU2WaPDYZ9Yw==",
        "dependencies": {
          "Diginsight.Polyfills": "3.7.1.13",
          "Microsoft.Extensions.Configuration": "10.0.8",
          "Microsoft.Extensions.Configuration.Binder": "10.0.8",
          "Microsoft.Extensions.DependencyInjection.Abstractions": "10.0.8",
          "Microsoft.Extensions.Hosting.Abstractions": "10.0.8",
          "Microsoft.Extensions.Logging": "10.0.8",
          "Scrutor": "7.0.0",
          "System.Text.Json": "10.0.8"
        }
      },
      "Diginsight.Diagnostics": {
        "type": "Direct",
        "requested": "[3.7.*, )",
        "resolved": "3.7.1.13",
        "contentHash": "/BpRk6KDh24mb2Goljs1+jXoh+Ll9fybwore00aI48owygZKDqdQi0ORTU+ppUOfRxB8Sx/OaGFeuZNa869QOg==",
        "dependencies": {
          "Diginsight.Stringify": "3.7.1.13",
          "Microsoft.Extensions.Diagnostics": "10.0.8",
          "Microsoft.Extensions.Logging.Console": "10.0.8",
          "Pastel": "7.0.1"
        }
      },
      "Diginsight.Diagnostics.AspNetCore.OpenTelemetry": {
        "type": "Direct",
        "requested": "[3.7.*, )",
        "resolved": "3.7.1.13",
        "contentHash": "LMwJS4pbNjtlqMW/DD7i2NfpHiNAHJSGNbYkO9QBZIMdMGfahirMQBsoZNUD0VB7JtYB5PLHZGNlyKEwIUZRSA==",
        "dependencies": {
          "Diginsight.Diagnostics.AspNetCore": "3.7.1.13",
          "Diginsight.Diagnostics.OpenTelemetry": "3.7.1.13",
          "Microsoft.Extensions.Caching.Memory": "10.0.8"
        }
      },
      "Diginsight.Diagnostics.Log4Net": {
        "type": "Direct",
        "requested": "[3.7.*, )",
        "resolved": "3.7.1.13",
        "contentHash": "CmlGNa/ACeHOq4NMpu2FcpowHYJLChQbfhzVqKEVXP/BnIcv+xe1hkYTu124SlLcd1OsMVKYdSbIficjfjRhWw==",
        "dependencies": {
          "Diginsight.Diagnostics": "3.7.1.13",
          "Microsoft.Extensions.Logging.Log4Net.AspNetCore": "10.0.0"
        }
      },
      "Diginsight.Stringify": {
        "type": "Direct",
        "requested": "[3.7.*, )",
        "resolved": "3.7.1.13",
        "contentHash": "2uZO2+2GhYlIxqvjh91zNBmTFZ7PZBuRNebnibu+AHZGXPWr5NPH07pTUlkWPDLbRWBQp5n7kpH9gjUxCanpXg==",
        "dependencies": {
          "Diginsight.Core": "3.7.1.13",
          "Microsoft.Extensions.Caching.Memory": "10.0.8"
        }
      },
      "Microsoft.AspNetCore.SignalR.Client": {
        "type": "Direct",
        "requested": "[8.*, )",
        "resolved": "8.0.30",
        "contentHash": "SbLt2qlcHxEeOHpivNAVaYH0QLSHCJenw6akyVInouGstbOa3cx8SaBmr43W1JUOupMmhmP+OaPefrWRxqnqMQ==",
        "dependencies": {
          "Microsoft.AspNetCore.Http.Connections.Client": "8.0.30",
          "Microsoft.AspNetCore.SignalR.Client.Core": "8.0.30"
        }
      },
      "Microsoft.Extensions.Hosting": {
        "type": "Direct",
        "requested": "[8.*, )",
        "resolved": "8.0.1",
        "contentHash": "bP9EEkHBEfjgYiG8nUaXqMk/ujwJrffOkNPP7onpRMO8R+OUSESSP4xHkCAXgYZ1COP2Q9lXlU5gkMFh20gRuw==",
        "dependencies": {
          "Microsoft.Extensions.Configuration": "8.0.0",
          "Microsoft.Extensions.Configuration.Abstractions": "8.0.0",
          "Microsoft.Extensions.Configuration.Binder": "8.0.2",
          "Microsoft.Extensions.Configuration.CommandLine": "8.0.0",
          "Microsoft.Extensions.Configuration.EnvironmentVariables": "8.0.0",
          "Microsoft.Extensions.Configuration.FileExtensions": "8.0.1",
          "Microsoft.Extensions.Configuration.Json": "8.0.1",
          "Microsoft.Extensions.Configuration.UserSecrets": "8.0.1",
          "Microsoft.Extensions.DependencyInjection": "8.0.1",
          "Microsoft.Extensions.DependencyInjection.Abstractions": "8.0.2",
          "Microsoft.Extensions.Diagnostics": "8.0.1",
          "Microsoft.Extensions.FileProviders.Abstractions": "8.0.0",
          "Microsoft.Extensions.FileProviders.Physical": "8.0.0",
          "Microsoft.Extensions.Hosting.Abstractions": "8.0.1",
          "Microsoft.Extensions.Logging": "8.0.1",
          "Microsoft.Extensions.Logging.Abstractions": "8.0.2",
          "Microsoft.Extensions.Logging.Configuration": "8.0.1",
          "Microsoft.Extensions.Logging.Console": "8.0.1",
          "Microsoft.Extensions.Logging.Debug": "8.0.1",
          "Microsoft.Extensions.Logging.EventLog": "8.0.1",
          "Microsoft.Extensions.Logging.EventSource": "8.0.1",
          "Microsoft.Extensions.Options": "8.0.2"
        }
      },
      "Microsoft.NET.ILLink.Tasks": {
        "type": "Direct",
        "requested": "[8.0.29, )",
        "resolved": "8.0.29",
        "contentHash": "HSBTfrkIZijz8z3ybLRKB7E8rHk4QQufFwpHa9fc5CMIgRhRzdn4mBGmlyXZqaueiMPtuJcnjresGvSTfaW8Mg=="
      },
      "Microsoft.SourceLink.GitHub": {
        "type": "Direct",
        "requested": "[8.*, )",
        "resolved": "8.0.0",
        "contentHash": "G5q7OqtwIyGTkeIOAc3u2ZuV/kicQaec5EaRnc0pIeSnh9LUjj+PYQrJYBURvDt7twGl2PKA7nSN0kz1Zw5bnQ==",
        "dependencies": {
          "Microsoft.Build.Tasks.Git": "8.0.0",
          "Microsoft.SourceLink.Common": "8.0.0"
        }
      },
      "Newtonsoft.Json": {
        "type": "Direct",
        "requested": "[13.0.4, )",
        "resolved": "13.0.4",
        "contentHash": "pdgNNMai3zv51W5aq268sujXUyx7SNdE2bj1wZcWjAQrKMFZV260lbqYop1d2GM67JI1huLRwxo9ZqnfF/lC6A=="
      },
      "StreamJsonRpc": {
        "type": "Direct",
        "requested": "[2.19.27, )",
        "resolved": "2.19.27",
        "contentHash": "om/+aUQ+OAskHf6Tl8Jgg4+/2P/P5ZDzn9/epiLHmxB/0HaBa8Jebaj3pdPu5o2kAbM9SZblwx8xbwMeeevntw==",
        "dependencies": {
          "MessagePack": "2.5.108",
          "Microsoft.VisualStudio.Threading": "17.10.48",
          "Microsoft.VisualStudio.Threading.Analyzers": "17.10.48",
          "Microsoft.VisualStudio.Validation": "17.8.8",
          "Nerdbank.Streams": "2.11.74",
          "Newtonsoft.Json": "13.0.1",
          "System.IO.Pipelines": "8.0.0"
        }
      },
      "YamlDotNet": {
        "type": "Direct",
        "requested": "[15.1.0, )",
        "resolved": "15.1.0",
        "contentHash": "fXrqmKkzBtXeJiHEsZOPEWkonHweiwk/l0Hqhz4yMIZPh57kZy03Xbj2/e8HV1QIkTw7yeBe9bbphuE3YiI4vQ=="
      },
      "Azure.Core": {
        "type": "Transitive",
        "resolved": "1.62.0",
        "contentHash": "C0ijs91ZW2uhF/VwGLXeayb+RwTWhDxKnrsmqPWg5HkYtPQ93mzaydyMCjAzE0AG5yHc1bpaPc+NPlZUgz3w8g==",
        "dependencies": {
          "Microsoft.Bcl.AsyncInterfaces": "10.0.10",
          "Microsoft.Extensions.Configuration.Abstractions": "10.0.10",
          "Microsoft.Extensions.Hosting.Abstractions": "10.0.10",
          "Microsoft.Identity.Client": "4.84.2",
          "Microsoft.Identity.Client.Extensions.Msal": "4.84.2",
          "System.ClientModel": "1.15.0",
          "System.Diagnostics.DiagnosticSource": "10.0.10",
          "System.Memory.Data": "10.0.10",
          "System.Text.Encodings.Web": "10.0.10",
          "System.Text.Json": "10.0.10"
        }
      },
      "Azure.Data.Tables": {
        "type": "Transitive",
        "resolved": "12.12.0",
        "contentHash": "q/bDOim1Qru3NrPJO0v8DnZxUFVf1KXh+BBksEgDFPqMvw9jstJEJ+efq4WfC4BLLER67fgzGfFjJevv+R94oA==",
        "dependencies": {
          "Azure.Core": "1.62.0"
        }
      },
      "Diginsight.AspNetCore": {
        "type": "Transitive",
        "resolved": "3.7.1.13",
        "contentHash": "R2eK38IWYYJX2VKtwWITvwkTjUQ8Y3//PoGhhKyfC7wYgAzapum0RCCg893wQyupYqLWYz+FSy1GDCNBgN8x3w==",
        "dependencies": {
          "Diginsight.Core": "3.7.1.13",
          "Scrutor": "7.0.0"
        }
      },
      "Diginsight.Components.Abstractions": {
        "type": "Transitive",
        "resolved": "1.0.0.114",
        "contentHash": "pKCCxxmr8L6ohxRLS4X0503hwXJUKWyw2LVxVgkK1U4zsWgKcG131zR5DYHmqL6DsctB5dGreiGZubqHuPU/nA==",
        "dependencies": {
          "Microsoft.Identity.Client": "4.88.0"
        }
      },
      "Diginsight.Components.Azure.Abstractions": {
        "type": "Transitive",
        "resolved": "1.0.0.114",
        "contentHash": "IlIlAHCq57vhtRBByeXxfCqLP1UROpPN/pMxombN4NazOHYGJVZVEHRy2DaqblSRGpSOxdZtJDi4qqoNG+uJIw==",
        "dependencies": {
          "Azure.Data.Tables": "12.12.0"
        }
      },
      "Diginsight.Components.Configuration.Abstractions": {
        "type": "Transitive",
        "resolved": "1.0.0.114",
        "contentHash": "4CJWXzsXEXgMSImnD/V8JJIhwG5dtTVPOBkXg7mAw5Wvp7hnrJqsVsq4CUneJULJoOFEh5G/9n+VXqpGRx0Hfg==",
        "dependencies": {
          "Diginsight.Core": "3.8.0.2",
          "Diginsight.Diagnostics": "3.8.0.2"
        }
      },
      "Diginsight.Diagnostics.AspNetCore": {
        "type": "Transitive",
        "resolved": "3.7.1.13",
        "contentHash": "bondYElMgAswOSfHzq4an1N8vfy5uRtjqpTugeSwiHKdww3UhrHvChQehEJreDl0Pi2Hkuv4JgJ1i1l8ixZW2A==",
        "dependencies": {
          "Diginsight.AspNetCore": "3.7.1.13",
          "Diginsight.Diagnostics": "3.7.1.13",
          "Microsoft.Extensions.Caching.Memory": "10.0.8"
        }
      },
      "Diginsight.Diagnostics.OpenTelemetry": {
        "type": "Transitive",
        "resolved": "3.7.1.13",
        "contentHash": "YiRVCgzkBqWTIdCPz1YDKdn6Oex4mumYHuDnoh/HrDv9roCC13o7FjBKN/NpZ2dvSChFf8vepA0YG59P9pwmTA==",
        "dependencies": {
          "Diginsight.Diagnostics": "3.7.1.13",
          "OpenTelemetry.Extensions.Hosting": "1.15.3"
        }
      },
      "Diginsight.Polyfills": {
        "type": "Transitive",
        "resolved": "3.7.1.13",
        "contentHash": "yY4ERTz/zK/03uT0HjL5mcXCO3mpdWKA6QB+R1T0qCrKxRY6bq0ZB8PZT0EWDGqV6PsbEHHLOeYRo+FA4ypW6g=="
      },
      "log4net": {
        "type": "Transitive",
        "resolved": "3.3.0",
        "contentHash": "wtZ7K4XGWDxeQqHbUybwIug/3AAzhKcmroLf4ENfE5GsaDIMqT3GLX24f18XPFY8Qg9vaxfMSAODwWAXqkjI/Q==",
        "dependencies": {
          "System.Configuration.ConfigurationManager": "4.5.0"
        }
      },
      "MessagePack": {
        "type": "Transitive",
        "resolved": "2.5.108",
        "contentHash": "kcVRbdWP3xNWLZmmpm4DFO+kuXf6mUR2mHZ27WoZIEFIv9hazuUd80injXhNrZnlq/FklAdCsLOil5M76I4Ndg==",
        "dependencies": {
          "MessagePack.Annotations": "2.5.108",
          "Microsoft.NET.StringTools": "17.4.0",
          "System.Runtime.CompilerServices.Unsafe": "6.0.0"
        }
      },
      "MessagePack.Annotations": {
        "type": "Transitive",
        "resolved": "2.5.108",
        "contentHash": "28aNCvfJClgwaKr26gf2S6LT+C1PNyPxiG+ihYpy8uCJsRLJEDoCt2I0Uk5hqOPQ8P8hI0ESy520oMkZkPmsOQ=="
      },
      "Microsoft.AspNetCore.Connections.Abstractions": {
        "type": "Transitive",
        "resolved": "8.0.30",
        "contentHash": "ZVqidIUODni7nF9hRGh+yODqtqygMkNm47bC8O79bU6oOIubGwJq7Jtn9K8n5ZCcfWGpobyhcdbH4CVpkruJzA==",
        "dependencies": {
          "Microsoft.Extensions.Features": "8.0.30",
          "System.IO.Pipelines": "8.0.0"
        }
      },
      "Microsoft.AspNetCore.Http.Abstractions": {
        "type": "Transitive",
        "resolved": "2.3.0",
        "contentHash": "39r9PPrjA6s0blyFv5qarckjNkaHRA5B+3b53ybuGGNTXEj1/DStQJ4NWjFL6QTRQpL9zt7nDyKxZdJOlcnq+Q==",
        "dependencies": {
          "Microsoft.AspNetCore.Http.Features": "2.3.0",
          "System.Text.Encodings.Web": "8.0.0"
        }
      },
      "Microsoft.AspNetCore.Http.Connections.Client": {
        "type": "Transitive",
        "resolved": "8.0.30",
        "contentHash": "67OvJkmJCa4H1nDYDMwbRS9nE/7NEnKWRuWpW34zl57uE3XPh0z0qCZSNPBVwi9V51pb6Ik6qzaGkiQufXskcw==",
        "dependencies": {
          "Microsoft.AspNetCore.Http.Connections.Common": "8.0.30",
          "Microsoft.Extensions.Logging.Abstractions": "8.0.3",
          "Microsoft.Extensions.Options": "8.0.2"
        }
      },
      "Microsoft.AspNetCore.Http.Connections.Common": {
        "type": "Transitive",
        "resolved": "8.0.30",
        "contentHash": "aGPes3G0T3ZNTMkvB44VkJwRmTsC6Iu0pYLafsgeApzJGQiK8A2egpPevhc0lL3AcihFCLa612NGWS3GPZEGtw==",
        "dependencies": {
          "Microsoft.AspNetCore.Connections.Abstractions": "8.0.30"
        }
      },
      "Microsoft.AspNetCore.Http.Features": {
        "type": "Transitive",
        "resolved": "2.3.0",
        "contentHash": "f10WUgcsKqrkmnz6gt8HeZ7kyKjYN30PO7cSic1lPtH7paPtnQqXPOveul/SIPI43PhRD4trttg4ywnrEmmJpA==",
        "dependencies": {
          "Microsoft.Extensions.Primitives": "8.0.0"
        }
      },
      "Microsoft.AspNetCore.SignalR.Client.Core": {
        "type": "Transitive",
        "resolved": "8.0.30",
        "contentHash": "5fv8/PVPd8BYEOg4AXBw9qs6EeU37X5f2R5bUQz+PbcjeIUiRdROaIVUJWAFT8u5m7gmY/1vO2yF/mZ4bzvfpw==",
        "dependencies": {
          "Microsoft.AspNetCore.SignalR.Common": "8.0.30",
          "Microsoft.AspNetCore.SignalR.Protocols.Json": "8.0.30",
          "Microsoft.Extensions.DependencyInjection": "8.0.1",
          "Microsoft.Extensions.Logging": "8.0.1",
          "System.Threading.Channels": "8.0.0"
        }
      },
      "Microsoft.AspNetCore.SignalR.Common": {
        "type": "Transitive",
        "resolved": "8.0.30",
        "contentHash": "g34XIYbgs0gL6rsOqCfl0p1v1Rje6FmJLkrB/Kmq8jUqmKGBZAav7WdXtockse6s/DEwd441m3POhPgc387hjw==",
        "dependencies": {
          "Microsoft.AspNetCore.Connections.Abstractions": "8.0.30",
          "Microsoft.Extensions.Options": "8.0.2"
        }
      },
      "Microsoft.AspNetCore.SignalR.Protocols.Json": {
        "type": "Transitive",
        "resolved": "8.0.30",
        "contentHash": "pmpAJTussog92AsoojbaIlvEcwg44tiBBPbfEQTgCzr2KJOvzmjS47p4QEV3ajc0WYfRQ45cucbRW7qDZiajjw==",
        "dependencies": {
          "Microsoft.AspNetCore.SignalR.Common": "8.0.30"
        }
      },
      "Microsoft.Azure.Cosmos": {
        "type": "Transitive",
        "resolved": "3.62.1",
        "contentHash": "1jNOGwdtwHjk40zfxPv3dhwpqX7Ilex1PUuCPYDEMBAa3Y7HZS5GxoXbzGR+uxVJc4XKwFH9ZWkSLgswCgXlYQ==",
        "dependencies": {
          "Azure.Core": "1.44.1",
          "Microsoft.Bcl.AsyncInterfaces": "6.0.0",
          "Microsoft.Bcl.HashCode": "1.1.0",
          "System.Buffers": "4.5.1",
          "System.Collections.Immutable": "1.7.0",
          "System.Configuration.ConfigurationManager": "6.0.0",
          "System.Diagnostics.DiagnosticSource": "8.0.1",
          "System.Memory": "4.5.5",
          "System.Numerics.Vectors": "4.5.0",
          "System.Runtime.CompilerServices.Unsafe": "6.0.0",
          "System.Threading.Tasks.Extensions": "4.5.4",
          "System.ValueTuple": "4.5.0"
        }
      },
      "Microsoft.Bcl.AsyncInterfaces": {
        "type": "Transitive",
        "resolved": "10.0.10",
        "contentHash": "TFI6OKYE1XZz4SGuTSH70c6SBdPpFktXsoa1gCxTr3mKrhmXirnvaS0tKz+J3ZWICEAmMpEGn59nO4ICtUpQXA=="
      },
      "Microsoft.Bcl.Cryptography": {
        "type": "Transitive",
        "resolved": "10.0.2",
        "contentHash": "LG9Yll3B5aNpxv0+D47g6LiOiKBIlodhcHdQwcYzo8VeexFLGqx5ymetmA2aBRyo9cCcWsQWrFsdbsr8LvmWDw==",
        "dependencies": {
          "System.Formats.Asn1": "10.0.2"
        }
      },
      "Microsoft.Bcl.HashCode": {
        "type": "Transitive",
        "resolved": "1.1.0",
        "contentHash": "J2G1k+u5unBV+aYcwxo94ip16Rkp65pgWFb0R6zwJipzWNMgvqlWeuI7/+R+e8bob66LnSG+llLJ+z8wI94cHg=="
      },
      "Microsoft.Build.Tasks.Git": {
        "type": "Transitive",
        "resolved": "8.0.0",
        "contentHash": "bZKfSIKJRXLTuSzLudMFte/8CempWjVamNUR5eHJizsy+iuOuO/k2gnh7W0dHJmYY0tBf+gUErfluCv5mySAOQ=="
      },
      "Microsoft.Extensions.Caching.Abstractions": {
        "type": "Transitive",
        "resolved": "10.0.8",
        "contentHash": "EoK2TwVR1daxmfXUPnvIYZSk5XQjHe45sGekox4kvMt88KQZQhDVzYW5Na5+oNwTuRpE48hipyGJg12F1Tm70w==",
        "dependencies": {
          "Microsoft.Extensions.Primitives": "10.0.8"
        }
      },
      "Microsoft.Extensions.Caching.Memory": {
        "type": "Transitive",
        "resolved": "10.0.8",
        "contentHash": "sYMYQjNprfqPTryuLNnr0/AOtnhlfuZ0ZxyOV0d3AXOEL8j9KV0EbelpZYyIatT2hJiaSGO9XGr5YDRsh22OfQ==",
        "dependencies": {
          "Microsoft.Extensions.Caching.Abstractions": "10.0.8",
          "Microsoft.Extensions.DependencyInjection.Abstractions": "10.0.8",
          "Microsoft.Extensions.Logging.Abstractions": "10.0.8",
          "Microsoft.Extensions.Options": "10.0.8",
          "Microsoft.Extensions.Primitives": "10.0.8"
        }
      },
      "Microsoft.Extensions.Configuration": {
        "type": "Transitive",
        "resolved": "10.0.11",
        "contentHash": "wlhRqZW8LcJPa+vk2oLAc/REXDItHtkFQdf/QcXYGZbZOO13izcsKY1pCvuFQYwUiZD+hwSZwsKASjqT+BNaVg==",
        "dependencies": {
          "Microsoft.Extensions.Configuration.Abstractions": "10.0.11",
          "Microsoft.Extensions.Primitives": "10.0.11"
        }
      },
      "Microsoft.Extensions.Configuration.Abstractions": {
        "type": "Transitive",
        "resolved": "10.0.11",
        "contentHash": "fVi053xdpda9Em7vSkmgVxO/PtgC2m78ekReKWsgcyskqY0U82Bz/MONwxpGzI0hElYKJfw+fupqMVeKW3fSaA==",
        "dependencies": {
          "Microsoft.Extensions.Primitives": "10.0.11"
        }
      },
      "Microsoft.Extensions.Configuration.Binder": {
        "type": "Transitive",
        "resolved": "10.0.11",
        "contentHash": "rFn8RuszZn3qquPVkDytMUlPc2+rXl9MCoygwc1XmAgC5vg5/oXJ8hkOosOrLoBLsqdTy4lFwP6iQdPS9uSYOA==",
        "dependencies": {
          "Microsoft.Extensions.Configuration": "10.0.11",
          "Microsoft.Extensions.Configuration.Abstractions": "10.0.11"
        }
      },
      "Microsoft.Extensions.Configuration.CommandLine": {
        "type": "Transitive",
        "resolved": "8.0.0",
        "contentHash": "NZuZMz3Q8Z780nKX3ifV1fE7lS+6pynDHK71OfU4OZ1ItgvDOhyOC7E6z+JMZrAj63zRpwbdldYFk499t3+1dQ==",
        "dependencies": {
          "Microsoft.Extensions.Configuration": "8.0.0",
          "Microsoft.Extensions.Configuration.Abstractions": "8.0.0"
        }
      },
      "Microsoft.Extensions.Configuration.EnvironmentVariables": {
        "type": "Transitive",
        "resolved": "8.0.0",
        "contentHash": "plvZ0ZIpq+97gdPNNvhwvrEZ92kNml9hd1pe3idMA7svR0PztdzVLkoWLcRFgySYXUJc3kSM3Xw3mNFMo/bxRA==",
        "dependencies": {
          "Microsoft.Extensions.Configuration": "8.0.0",
          "Microsoft.Extensions.Configuration.Abstractions": "8.0.0"
        }
      },
      "Microsoft.Extensions.Configuration.FileExtensions": {
        "type": "Transitive",
        "resolved": "8.0.1",
        "contentHash": "EJzSNO9oaAXnTdtdNO6npPRsIIeZCBSNmdQ091VDO7fBiOtJAAeEq6dtrVXIi3ZyjC5XRSAtVvF8SzcneRHqKQ==",
        "dependencies": {
          "Microsoft.Extensions.Configuration": "8.0.0",
          "Microsoft.Extensions.Configuration.Abstractions": "8.0.0",
          "Microsoft.Extensions.FileProviders.Abstractions": "8.0.0",
          "Microsoft.Extensions.FileProviders.Physical": "8.0.0",
          "Microsoft.Extensions.Primitives": "8.0.0"
        }
      },
      "Microsoft.Extensions.Configuration.Json": {
        "type": "Transitive",
        "resolved": "8.0.1",
        "contentHash": "L89DLNuimOghjV3tLx0ArFDwVEJD6+uGB3BMCMX01kaLzXkaXHb2021xOMl2QOxUxbdePKUZsUY7n2UUkycjRg==",
        "dependencies": {
          "Microsoft.Extensions.Configuration": "8.0.0",
          "Microsoft.Extensions.Configuration.Abstractions": "8.0.0",
          "Microsoft.Extensions.Configuration.FileExtensions": "8.0.1",
          "Microsoft.Extensions.FileProviders.Abstractions": "8.0.0"
        }
      },
      "Microsoft.Extensions.Configuration.UserSecrets": {
        "type": "Transitive",
        "resolved": "8.0.1",
        "contentHash": "7tYqdPPpAK+3jO9d5LTuCK2VxrEdf85Ol4trUr6ds4jclBecadWZ/RyPCbNjfbN5iGTfUnD/h65TOQuqQv2c+A==",
        "dependencies": {
          "Microsoft.Extensions.Configuration.Abstractions": "8.0.0",
          "Microsoft.Extensions.Configuration.Json": "8.0.1",
          "Microsoft.Extensions.FileProviders.Abstractions": "8.0.0",
          "Microsoft.Extensions.FileProviders.Physical": "8.0.0"
        }
      },
      "Microsoft.Extensions.DependencyInjection": {
        "type": "Transitive",
        "resolved": "10.0.11",
        "contentHash": "PSmotV19c7E3lKed++uYo1kSiXFI+uTl37CBSrhq+CfLC3FCHjG7R91+xPnNehQfHS1b0Tzo/CCLPWH3qaEheg==",
        "dependencies": {
          "Microsoft.Extensions.DependencyInjection.Abstractions": "10.0.11"
        }
      },
      "Microsoft.Extensions.DependencyInjection.Abstractions": {
        "type": "Transitive",
        "resolved": "10.0.11",
        "contentHash": "/a1aJz4m7ylhEDf25ugQChLQoN5XwoGjWw/BoR/ZWWKsO1v4DdJElS1uyngahz4B/eOzjFk1KNTkarRLE5wsIg=="
      },
      "Microsoft.Extensions.DependencyModel": {
        "type": "Transitive",
        "resolved": "10.0.0",
        "contentHash": "RFYJR7APio/BiqdQunRq6DB+nDB6nc2qhHr77mlvZ0q0BT8PubMXN7XicmfzCbrDE/dzhBnUKBRXLTcqUiZDGg==",
        "dependencies": {
          "System.Text.Encodings.Web": "10.0.0",
          "System.Text.Json": "10.0.0"
        }
      },
      "Microsoft.Extensions.Diagnostics": {
        "type": "Transitive",
        "resolved": "10.0.11",
        "contentHash": "HT70uGPxMLqqnOzKMcnQtDmeV4r0KHr4qVCLhP7SXil9jMEm8sQXwcybxVVFGXZJ1V44xV0mLqQ54aZbcR2OiQ==",
        "dependencies": {
          "Microsoft.Extensions.Configuration": "10.0.11",
          "Microsoft.Extensions.Diagnostics.Abstractions": "10.0.11",
          "Microsoft.Extensions.Options.ConfigurationExtensions": "10.0.11"
        }
      },
      "Microsoft.Extensions.Diagnostics.Abstractions": {
        "type": "Transitive",
        "resolved": "10.0.11",
        "contentHash": "se7Kx8QpJEt+nf26L4qIVAofGTDr1wbexxsh/Fm3Xc04xUkqUXK06KUS7FLwSQYSjqb7q9n+T7MEcXYBhI1Y5g==",
        "dependencies": {
          "Microsoft.Extensions.DependencyInjection.Abstractions": "10.0.11",
          "Microsoft.Extensions.Options": "10.0.11",
          "System.Diagnostics.DiagnosticSource": "10.0.11"
        }
      },
      "Microsoft.Extensions.Features": {
        "type": "Transitive",
        "resolved": "8.0.30",
        "contentHash": "CXwORiSyNHorKcqtd+WiQ7ewKUEslV3alNxD1rB/czAwlmP6C4h7HG+V5or9eQSsbpJNSIiEOhFXVVSbbiDJBA=="
      },
      "Microsoft.Extensions.FileProviders.Abstractions": {
        "type": "Transitive",
        "resolved": "10.0.10",
        "contentHash": "c5zqFCY9DiIpMovLd7/d/CTiEtrMOuQ639dhv3PABtKQIKNQikSHwQt8+N679uii9q+B55lgK28Uv64FOwEu8w==",
        "dependencies": {
          "Microsoft.Extensions.Primitives": "10.0.10"
        }
      },
      "Microsoft.Extensions.FileProviders.Physical": {
        "type": "Transitive",
        "resolved": "8.0.0",
        "contentHash": "UboiXxpPUpwulHvIAVE36Knq0VSHaAmfrFkegLyBZeaADuKezJ/AIXYAW8F5GBlGk/VaibN2k/Zn1ca8YAfVdA==",
        "dependencies": {
          "Microsoft.Extensions.FileProviders.Abstractions": "8.0.0",
          "Microsoft.Extensions.FileSystemGlobbing": "8.0.0",
          "Microsoft.Extensions.Primitives": "8.0.0"
        }
      },
      "Microsoft.Extensions.FileSystemGlobbing": {
        "type": "Transitive",
        "resolved": "8.0.0",
        "contentHash": "OK+670i7esqlQrPjdIKRbsyMCe9g5kSLpRRQGSr4Q58AOYEe/hCnfLZprh7viNisSUUQZmMrbbuDaIrP+V1ebQ=="
      },
      "Microsoft.Extensions.Hosting.Abstractions": {
        "type": "Transitive",
        "resolved": "10.0.10",
        "contentHash": "5LugpYGHk+mkn0a8IZgcyfBca8PCTAU9RQFoMrTdtOOidq88M2SI5f3px6ugnzgxC+eTkvYYJi8pzlUnG5xdAQ==",
        "dependencies": {
          "Microsoft.Extensions.Configuration.Abstractions": "10.0.10",
          "Microsoft.Extensions.DependencyInjection.Abstractions": "10.0.10",
          "Microsoft.Extensions.Diagnostics.Abstractions": "10.0.10",
          "Microsoft.Extensions.FileProviders.Abstractions": "10.0.10",
          "Microsoft.Extensions.Logging.Abstractions": "10.0.10"
        }
      },
      "Microsoft.Extensions.Http": {
        "type": "Transitive",
        "resolved": "10.0.11",
        "contentHash": "ujx8RvcKzkxPFBguwgiygbwWVHVK0P7HFlNJ6I0JBRb28tzwe42jixBoA+dGmqG9IHepPVcm04vv2IDnU93ekA==",
        "dependencies": {
          "Microsoft.Extensions.Configuration.Abstractions": "10.0.11",
          "Microsoft.Extensions.DependencyInjection.Abstractions": "10.0.11",
          "Microsoft.Extensions.Diagnostics": "10.0.11",
          "Microsoft.Extensions.Logging": "10.0.11",
          "Microsoft.Extensions.Logging.Abstractions": "10.0.11",
          "Microsoft.Extensions.Options": "10.0.11"
        }
      },
      "Microsoft.Extensions.Logging": {
        "type": "Transitive",
        "resolved": "10.0.11",
        "contentHash": "nUOJwgFkSiLHiVGFpU22pIJtuWYewuSYQ3JVuP/gdK8ASMT807Px+TYQiRWs6uSsOmoyFTaVCwKXTasczV6BpA==",
        "dependencies": {
          "Microsoft.Extensions.DependencyInjection": "10.0.11",
          "Microsoft.Extensions.Logging.Abstractions": "10.0.11",
          "Microsoft.Extensions.Options": "10.0.11"
        }
      },
      "Microsoft.Extensions.Logging.Abstractions": {
        "type": "Transitive",
        "resolved": "10.0.11",
        "contentHash": "Ljd0Uxoq5XpScD2Bg0nM/r3mwx7Ao5Uq24eo2ARxbGvqJ7Zht6rt2cJtwVRH4Cv+1ZVMdXz6TB43KbpmsxRrvQ==",
        "dependencies": {
          "Microsoft.Extensions.DependencyInjection.Abstractions": "10.0.11",
          "System.Diagnostics.DiagnosticSource": "10.0.11"
        }
      },
      "Microsoft.Extensions.Logging.Configuration": {
        "type": "Transitive",
        "resolved": "10.0.8",
        "contentHash": "rxSLTO7xTbcC3DuEJHNEijBr8g14Jj62zQ+DeFu68bsoTYoU8jLcMhc1735PV21bESXsATlL5LsfaWH71FOWAg==",
        "dependencies": {
          "Microsoft.Extensions.Configuration": "10.0.8",
          "Microsoft.Extensions.Configuration.Abstractions": "10.0.8",
          "Microsoft.Extensions.Configuration.Binder": "10.0.8",
          "Microsoft.Extensions.DependencyInjection.Abstractions": "10.0.8",
          "Microsoft.Extensions.Logging": "10.0.8",
          "Microsoft.Extensions.Logging.Abstractions": "10.0.8",
          "Microsoft.Extensions.Options": "10.0.8",
          "Microsoft.Extensions.Options.ConfigurationExtensions": "10.0.8"
        }
      },
      "Microsoft.Extensions.Logging.Console": {
        "type": "Transitive",
        "resolved": "10.0.8",
        "contentHash": "6cv53sHsPnFS56PJw8X4GbNcjeX1KGyFJRxJWvxOgK63cnqeSB1k1eRwjUdkse0tBhwlH6qc9EOYDlan+CYTuw==",
        "dependencies": {
          "Microsoft.Extensions.DependencyInjection.Abstractions": "10.0.8",
          "Microsoft.Extensions.Logging": "10.0.8",
          "Microsoft.Extensions.Logging.Abstractions": "10.0.8",
          "Microsoft.Extensions.Logging.Configuration": "10.0.8",
          "Microsoft.Extensions.Options": "10.0.8",
          "System.Text.Json": "10.0.8"
        }
      },
      "Microsoft.Extensions.Logging.Debug": {
        "type": "Transitive",
        "resolved": "8.0.1",
        "contentHash": "B8hqNuYudC2RB+L/DI33uO4rf5by41fZVdcVL2oZj0UyoAZqnwTwYHp1KafoH4nkl1/23piNeybFFASaV2HkFg==",
        "dependencies": {
          "Microsoft.Extensions.DependencyInjection.Abstractions": "8.0.2",
          "Microsoft.Extensions.Logging": "8.0.1",
          "Microsoft.Extensions.Logging.Abstractions": "8.0.2"
        }
      },
      "Microsoft.Extensions.Logging.EventLog": {
        "type": "Transitive",
        "resolved": "8.0.1",
        "contentHash": "ZD1m4GXoxcZeDJIq8qePKj+QAWeQNO/OG8skvrOG8RQfxLp9MAKRoliTc27xanoNUzeqvX5HhS/I7c0BvwAYUg==",
        "dependencies": {
          "Microsoft.Extensions.DependencyInjection.Abstractions": "8.0.2",
          "Microsoft.Extensions.Logging": "8.0.1",
          "Microsoft.Extensions.Logging.Abstractions": "8.0.2",
          "Microsoft.Extensions.Options": "8.0.2",
          "System.Diagnostics.EventLog": "8.0.1"
        }
      },
      "Microsoft.Extensions.Logging.EventSource": {
        "type": "Transitive",
        "resolved": "8.0.1",
        "contentHash": "YMXMAla6B6sEf/SnfZYTty633Ool3AH7KOw2LOaaEqwSo2piK4f7HMtzyc3CNiipDnq1fsUSuG5Oc7ZzpVy8WQ==",
        "dependencies": {
          "Microsoft.Extensions.DependencyInjection.Abstractions": "8.0.2",
          "Microsoft.Extensions.Logging": "8.0.1",
          "Microsoft.Extensions.Logging.Abstractions": "8.0.2",
          "Microsoft.Extensions.Options": "8.0.2",
          "Microsoft.Extensions.Primitives": "8.0.0"
        }
      },
      "Microsoft.Extensions.Logging.Log4Net.AspNetCore": {
        "type": "Transitive",
        "resolved": "10.0.0",
        "contentHash": "ASXCV+/IuxGCiXjRnrdL1waRKaCDcxkdL1U2yqteJzGcyXN+qLf6wTLBR12sQIhK36d1um6P55AaWqlXf+X0xg==",
        "dependencies": {
          "Microsoft.Extensions.Configuration": "8.0.0",
          "Microsoft.Extensions.Configuration.Abstractions": "8.0.0",
          "Microsoft.Extensions.Configuration.Binder": "8.0.0",
          "Microsoft.Extensions.Logging": "8.0.0",
          "log4net": "3.3.0"
        }
      },
      "Microsoft.Extensions.Options": {
        "type": "Transitive",
        "resolved": "10.0.11",
        "contentHash": "eY1GAKcTfD2maP27J84X9IovT3yjHJ2dVDzPmDg6/XqYvt3jMzJhtfQCLjG9pVsZGAd+8DQ2QrjaDcs2+VQLGw==",
        "dependencies": {
          "Microsoft.Extensions.DependencyInjection.Abstractions": "10.0.11",
          "Microsoft.Extensions.Primitives": "10.0.11"
        }
      },
      "Microsoft.Extensions.Options.ConfigurationExtensions": {
        "type": "Transitive",
        "resolved": "10.0.11",
        "contentHash": "syEhXQ/sEaSBFaqzlp9gDGHX/nk6gkQkh1sIUpBO1mlBj3Phu1rmb4ML1uCiyPW9N6Kxfxv3y5FGObC+bV01Qw==",
        "dependencies": {
          "Microsoft.Extensions.Configuration.Abstractions": "10.0.11",
          "Microsoft.Extensions.Configuration.Binder": "10.0.11",
          "Microsoft.Extensions.DependencyInjection.Abstractions": "10.0.11",
          "Microsoft.Extensions.Options": "10.0.11",
          "Microsoft.Extensions.Primitives": "10.0.11"
        }
      },
      "Microsoft.Extensions.Primitives": {
        "type": "Transitive",
        "resolved": "10.0.11",
        "contentHash": "SXcz+kF+4Oo9b1+55zntpJFYfwb1jw66ioxptyNOOTDc8g2FHnBFWjZpsWfCvZIhzr0x+4e2trVTs4OKwQfBtw=="
      },
      "Microsoft.Identity.Client": {
        "type": "Transitive",
        "resolved": "4.88.0",
        "contentHash": "7Eg+0J3DQyy/HNMucGScRBCcxetZUJkti8KNxY6K/HtM5BsyYQpc25agW0xxKmjvpaZY9XcEbyUL7DbSkIIcZQ==",
        "dependencies": {
          "Microsoft.IdentityModel.Abstractions": "8.14.0",
          "System.Diagnostics.DiagnosticSource": "6.0.1"
        }
      },
      "Microsoft.Identity.Client.Extensions.Msal": {
        "type": "Transitive",
        "resolved": "4.84.2",
        "contentHash": "+D98LaU3dOu/Nzs6kgbBJapMvH7iwYcAeC99XwSkpmEadsPv6rozecOl9P6m4A3RfpOuPt9e6J6TwwUUp3+M4w==",
        "dependencies": {
          "Microsoft.Identity.Client": "4.84.2",
          "System.Security.Cryptography.ProtectedData": "4.5.0"
        }
      },
      "Microsoft.IdentityModel.Abstractions": {
        "type": "Transitive",
        "resolved": "8.22.0",
        "contentHash": "LU3V3owsu4vGpCg2kyL7SsQEuHwcoJ8FSNBqzLADzCf3/PcKUTcx5Plsd51DoTJMfK/WigXV/03UhaN5JXE6uQ=="
      },
      "Microsoft.IdentityModel.JsonWebTokens": {
        "type": "Transitive",
        "resolved": "8.22.0",
        "contentHash": "kv6peMLjALZLDAy2H3F77KjVRdwiscn2p/g3ui2chcbuEcAX2MpAbyDcYnJ7Vyh8jZ1aJWrniUMCDWoOgnu4NQ==",
        "dependencies": {
          "Microsoft.IdentityModel.Tokens": "8.22.0"
        }
      },
      "Microsoft.IdentityModel.Logging": {
        "type": "Transitive",
        "resolved": "8.22.0",
        "contentHash": "G9Tl0yXSlr2pkXv4EpXjO16M4q6oo9N/od+gNyOusZ8yM8LZg1H3f/QOMFuOJiV6znzY5MkAREU97JRRnqpEQw==",
        "dependencies": {
          "Microsoft.IdentityModel.Abstractions": "8.22.0"
        }
      },
      "Microsoft.IdentityModel.Tokens": {
        "type": "Transitive",
        "resolved": "8.22.0",
        "contentHash": "i4lywKKUuVmheCUA+w/q8QNPReNI0qanHI9hhz48AFqD1ljyb8sxPL2RbXOGiPV13XdJ4kxieL9ukS7tD43LxA==",
        "dependencies": {
          "Microsoft.Bcl.Cryptography": "10.0.2",
          "Microsoft.Extensions.Logging.Abstractions": "8.0.0",
          "Microsoft.IdentityModel.Logging": "8.22.0"
        }
      },
      "Microsoft.NET.StringTools": {
        "type": "Transitive",
        "resolved": "17.4.0",
        "contentHash": "06T6Hqfs3JDIaBvJaBRFFMIdU7oE0OMab5Xl8LKQjWPxBQr3BgVFKMQPTC+GsSEuYREWmK6g5eOd7Xqd9p1YCA==",
        "dependencies": {
          "System.Memory": "4.5.5",
          "System.Runtime.CompilerServices.Unsafe": "6.0.0"
        }
      },
      "Microsoft.SourceLink.Common": {
        "type": "Transitive",
        "resolved": "8.0.0",
        "contentHash": "dk9JPxTCIevS75HyEQ0E4OVAFhB2N+V9ShCXf8Q6FkUQZDkgLI12y679Nym1YqsiSysuQskT7Z+6nUf3yab6Vw=="
      },
      "Microsoft.VisualStudio.Threading": {
        "type": "Transitive",
        "resolved": "17.10.48",
        "contentHash": "7onkbbE0AOAhxKe+ZAa2NMzo4R5G4qypZmNIE0GhBohT/tl6e5aLnLx4Gg6trf6SUn3DfLRowMtNe5Q+PmhKgQ==",
        "dependencies": {
          "Microsoft.VisualStudio.Threading.Analyzers": "17.10.48",
          "Microsoft.VisualStudio.Validation": "17.8.8"
        }
      },
      "Microsoft.VisualStudio.Threading.Analyzers": {
        "type": "Transitive",
        "resolved": "17.10.48",
        "contentHash": "xwvwT91oqFjLgQykUp6y/JPYxz8LchbfJKrLVatfczWddXKng8DAo8RiiIodt+pRdsVXP9Ud02GtJoY7ifdXPQ=="
      },
      "Microsoft.VisualStudio.Validation": {
        "type": "Transitive",
        "resolved": "17.8.8",
        "contentHash": "rWXThIpyQd4YIXghNkiv2+VLvzS+MCMKVRDR0GAMlflsdo+YcAN2g2r5U1Ah98OFjQMRexTFtXQQ2LkajxZi3g=="
      },
      "Microsoft.Win32.SystemEvents": {
        "type": "Transitive",
        "resolved": "6.0.0",
        "contentHash": "hqTM5628jSsQiv+HGpiq3WKBl2c8v1KZfby2J6Pr7pEPlK9waPdgEO6b8A/+/xn/yZ9ulv8HuqK71ONy2tg67A=="
      },
      "Nerdbank.Streams": {
        "type": "Transitive",
        "resolved": "2.11.74",
        "contentHash": "r4G7uHHfoo8LCilPOdtf2C+Q5ymHOAXtciT4ZtB2xRlAvv4gPkWBYNAijFblStv3+uidp81j5DP11jMZl4BfJw==",
        "dependencies": {
          "Microsoft.VisualStudio.Threading": "17.10.48",
          "Microsoft.VisualStudio.Validation": "17.8.8",
          "System.IO.Pipelines": "8.0.0"
        }
      },
      "OpenTelemetry": {
        "type": "Transitive",
        "resolved": "1.15.3",
        "contentHash": "N0i6WjPoHPbZyms1ugbDIFAJFuGlpeExJMU/+XSL0lQRUkg/D0utFkDoLXf8Z1km5B+xVZ2GyMXXiX8qdeNmPg==",
        "dependencies": {
          "Microsoft.Extensions.Diagnostics.Abstractions": "8.0.0",
          "Microsoft.Extensions.Logging.Configuration": "8.0.0",
          "OpenTelemetry.Api.ProviderBuilderExtensions": "1.15.3"
        }
      },
      "OpenTelemetry.Api": {
        "type": "Transitive",
        "resolved": "1.15.3",
        "contentHash": "fX+fkCysfPut+qCcT3bKqyX4QN9Saf4CgX8HLOHywEVD+Xr7sULtfuypITpoDysjx8R59dn/3mWhgimMH8cm/g==",
        "dependencies": {
          "System.Diagnostics.DiagnosticSource": "10.0.0"
        }
      },
      "OpenTelemetry.Api.ProviderBuilderExtensions": {
        "type": "Transitive",
        "resolved": "1.15.3",
        "contentHash": "SYn0lqYDwLMWhv/zlNGsQcl2yX++yTumanX46bmOZE/ZDOd1WjPBO2kZaZgKLEZTZk48pavIFGJ6vOvxXgWVFQ==",
        "dependencies": {
          "Microsoft.Extensions.DependencyInjection.Abstractions": "8.0.0",
          "OpenTelemetry.Api": "1.15.3"
        }
      },
      "OpenTelemetry.Extensions.Hosting": {
        "type": "Transitive",
        "resolved": "1.15.3",
        "contentHash": "u8n/W8yIlqv0BXZmvId1iVaeWXG42tGKdTkuLYg5g57Y/r9CeUNzqtrSHNdG5IoO8iPX79w3v+WsbAHgUQbfeg==",
        "dependencies": {
          "Microsoft.Extensions.Hosting.Abstractions": "8.0.0",
          "OpenTelemetry": "1.15.3"
        }
      },
      "Pastel": {
        "type": "Transitive",
        "resolved": "7.0.1",
        "contentHash": "qLANIt80UgHVjEWtDJBpqunbhfqUVcSrY8SaZcJpfFDq3ZzzQntsNyWyizb9UoNHqvK/wRgENdI163CymyEbmQ=="
      },
      "Scrutor": {
        "type": "Transitive",
        "resolved": "7.0.0",
        "contentHash": "wHWaroody48jnlLoq/REwUltIFLxplXyHTP+sttrc8P7+jkiVqf38afDidJNv4qgD/6zz2NKOYg06xLZ1bG7wQ==",
        "dependencies": {
          "Microsoft.Extensions.DependencyInjection.Abstractions": "10.0.0",
          "Microsoft.Extensions.DependencyModel": "10.0.0"
        }
      },
      "System.Buffers": {
        "type": "Transitive",
        "resolved": "4.5.1",
        "contentHash": "Rw7ijyl1qqRS0YQD/WycNst8hUUMgrMH4FCn1nNm27M4VxchZ1js3fVjQaANHO5f3sN4isvP4a+Met9Y4YomAg=="
      },
      "System.ClientModel": {
        "type": "Transitive",
        "resolved": "1.15.0",
        "contentHash": "y6zQLInrpX+oGL1gXM04DrUSu1O1esWxt4rD/zrujTnzIFChn/noD1OiVVpTrU8ZvglwqO2Uw038svUR3SiAOg==",
        "dependencies": {
          "Microsoft.Extensions.Configuration.Abstractions": "10.0.9",
          "Microsoft.Extensions.Hosting.Abstractions": "10.0.9",
          "Microsoft.Extensions.Logging.Abstractions": "10.0.9",
          "System.Diagnostics.DiagnosticSource": "10.0.9",
          "System.Memory.Data": "10.0.9",
          "System.Net.ServerSentEvents": "10.0.9",
          "System.Text.Json": "10.0.9"
        }
      },
      "System.Collections.Immutable": {
        "type": "Transitive",
        "resolved": "1.7.0",
        "contentHash": "RVSM6wZUo6L2y6P3vN6gjUtyJ2IF2RVtrepF3J7nrDKfFQd5u/SnSUFclchYQis8/k5scHy9E+fVeKVQLnnkzw=="
      },
      "System.Configuration.ConfigurationManager": {
        "type": "Transitive",
        "resolved": "6.0.0",
        "contentHash": "7T+m0kDSlIPTHIkPMIu6m6tV6qsMqJpvQWW2jIc2qi7sn40qxFo0q+7mEQAhMPXZHMKnWrnv47ntGlM/ejvw3g==",
        "dependencies": {
          "System.Security.Cryptography.ProtectedData": "6.0.0",
          "System.Security.Permissions": "6.0.0"
        }
      },
      "System.Diagnostics.DiagnosticSource": {
        "type": "Transitive",
        "resolved": "10.0.11",
        "contentHash": "QoXcAdDhBudxorzYF1F5Uo7FY0CSWgmTjqVRJjcQaYAkbO3dCPXDJajJwyApTGHCJ+T5PfVyKZqXEKZ8PH+UWQ=="
      },
      "System.Diagnostics.EventLog": {
        "type": "Transitive",
        "resolved": "8.0.1",
        "contentHash": "n1ZP7NM2Gkn/MgD8+eOT5MulMj6wfeQMNS2Pizvq5GHCZfjlFMXV2irQlQmJhwA2VABC57M0auudO89Iu2uRLg=="
      },
      "System.Drawing.Common": {
        "type": "Transitive",
        "resolved": "6.0.0",
        "contentHash": "NfuoKUiP2nUWwKZN6twGqXioIe1zVD0RIj2t976A+czLHr2nY454RwwXs6JU9Htc6mwqL6Dn/nEL3dpVf2jOhg==",
        "dependencies": {
          "Microsoft.Win32.SystemEvents": "6.0.0"
        }
      },
      "System.Formats.Asn1": {
        "type": "Transitive",
        "resolved": "10.0.2",
        "contentHash": "9Hee6iQ74pDgdRNIL6lO8Vlx2onVWd5aDnqwk4Pvo0h5FklBd7QwcQDKgxeLuhiy0o3ibzUVO0KFQe0/hPXU+Q=="
      },
      "System.IdentityModel.Tokens.Jwt": {
        "type": "Transitive",
        "resolved": "8.22.0",
        "contentHash": "CpXGfNhLl6EgYaOC9XYsc1p7Ci9HtAy0soHJDSBNGse647al4tTq9RDr+LQsrF4Ls79Dx7VfzN34km0W4DWPow==",
        "dependencies": {
          "Microsoft.IdentityModel.JsonWebTokens": "8.22.0",
          "Microsoft.IdentityModel.Tokens": "8.22.0"
        }
      },
      "System.Interactive.Async": {
        "type": "Transitive",
        "resolved": "7.0.1",
        "contentHash": "oL1iox7sAJL8i+muGzVMQjDB0axQgOoT5CkwYdap8cQJMkWDWMRErNqhOcZkn31+aKr/uCfgMEdhUARCU4G7gg==",
        "dependencies": {
          "System.Linq.AsyncEnumerable": "10.0.6"
        }
      },
      "System.IO.Pipelines": {
        "type": "Transitive",
        "resolved": "10.0.10",
        "contentHash": "7WX0W96y3dpQdYG4sEGdh38g3/0lOD4/dKbn2rRVOVzKhzoZUn2gKNIKaFeKWs8RCbpFfmmEWsRhSy95hMpvqA=="
      },
      "System.Linq.Async": {
        "type": "Transitive",
        "resolved": "7.0.1",
        "contentHash": "gwQtBHVY/WgqWgAYSe4JspXR+f1FvMbVIW4ixsJpGV/Kj8Nun3zp1ajIdvCWfmac8ektJGVLiJ/OR8JU9nZnMg==",
        "dependencies": {
          "System.Interactive.Async": "7.0.1",
          "System.Linq.AsyncEnumerable": "10.0.6"
        }
      },
      "System.Linq.Async.Queryable": {
        "type": "Transitive",
        "resolved": "7.0.1",
        "contentHash": "kC3gqcz/yvrMUq6twgVtodTW3+vRCcx5NUijERHEPx1Ek+8ppNHb1MybYdHkUr9T2+kL6XMY9cbBRAesRVRG2A==",
        "dependencies": {
          "System.Linq.Async": "7.0.1",
          "System.Linq.AsyncEnumerable": "10.0.6"
        }
      },
      "System.Linq.AsyncEnumerable": {
        "type": "Transitive",
        "resolved": "10.0.6",
        "contentHash": "1Ttf7dyLoKXks2bVBVULmDPOSjxaMEE3JRTe/KGEJl3rfepCc4ipUEGMIKa/iBKLSN8rjEedF8Qv3UCtiwaDBw=="
      },
      "System.Memory": {
        "type": "Transitive",
        "resolved": "4.5.5",
        "contentHash": "XIWiDvKPXaTveaB7HVganDlOCRoj03l+jrwNvcge/t8vhGYKvqV+dMv6G4SAX2NoNmN0wZfVPTAlFwZcZvVOUw=="
      },
      "System.Memory.Data": {
        "type": "Transitive",
        "resolved": "10.0.10",
        "contentHash": "roR+5AeOpflUxJQlqSfsZs/Bvi1uw4KBuTkIgF1e8l0RdalG4AUn84+sjJLclEfOV85gAjc8+Pp540qjDE5UIg==",
        "dependencies": {
          "System.Text.Json": "10.0.10"
        }
      },
      "System.Net.ServerSentEvents": {
        "type": "Transitive",
        "resolved": "10.0.9",
        "contentHash": "ZO/IpJ2Zl3fXoRr2LQngRd2LCX6QHksz+N8Xl4f2UktrC/eQk4HtXpvuk/C/clmbTUuH1b13YVc8tC0mrYg81Q=="
      },
      "System.Numerics.Vectors": {
        "type": "Transitive",
        "resolved": "4.5.0",
        "contentHash": "QQTlPTl06J/iiDbJCiepZ4H//BVraReU4O4EoRw1U02H5TLUIT7xn3GnDp9AXPSlJUDyFs4uWjWafNX6WrAojQ=="
      },
      "System.Runtime.CompilerServices.Unsafe": {
        "type": "Transitive",
        "resolved": "6.0.0",
        "contentHash": "/iUeP3tq1S0XdNNoMz5C9twLSrM/TH+qElHkXWaPvuNOt+99G75NrV0OS2EqHx5wMN7popYjpc8oTjC1y16DLg=="
      },
      "System.Security.AccessControl": {
        "type": "Transitive",
        "resolved": "6.0.0",
        "contentHash": "AUADIc0LIEQe7MzC+I0cl0rAT8RrTAKFHl53yHjEUzNVIaUlhFY11vc2ebiVJzVBuOzun6F7FBA+8KAbGTTedQ=="
      },
      "System.Security.Cryptography.ProtectedData": {
        "type": "Transitive",
        "resolved": "10.0.11",
        "contentHash": "PNoxCTPb+Tlux+GJyq4c89ddYdpioVSqfGx8pqOF6shCSKwUNNctXhQtRkCICjbJmGrJJsW8NY52kVYO/b8mlQ=="
      },
      "System.Security.Permissions": {
        "type": "Transitive",
        "resolved": "6.0.0",
        "contentHash": "T/uuc7AklkDoxmcJ7LGkyX1CcSviZuLCa4jg3PekfJ7SU0niF0IVTXwUiNVP9DSpzou2PpxJ+eNY2IfDM90ZCg==",
        "dependencies": {
          "System.Security.AccessControl": "6.0.0",
          "System.Windows.Extensions": "6.0.0"
        }
      },
      "System.Text.Encodings.Web": {
        "type": "Transitive",
        "resolved": "10.0.10",
        "contentHash": "o16m2YpDN/pjHsnxf9pTGwkpcuvjW8v1/wGUwJtM1c3QZUKm7ZEO/eYRJg7iIx6GxS2Zv9lAMHpiQwHDdgqauA=="
      },
      "System.Text.Json": {
        "type": "Transitive",
        "resolved": "10.0.10",
        "contentHash": "bmsO6UdYtBdtn32zYXfsh7KlyTIzV/3V9hdT9RIb4pXKgYOsNxXR+VbWigNwBtNFVGYGm6Hwmqw5a+/IWFd36Q==",
        "dependencies": {
          "System.IO.Pipelines": "10.0.10",
          "System.Text.Encodings.Web": "10.0.10"
        }
      },
      "System.Threading.Channels": {
        "type": "Transitive",
        "resolved": "8.0.0",
        "contentHash": "CMaFr7v+57RW7uZfZkPExsPB6ljwzhjACWW1gfU35Y56rk72B/Wu+sTqxVmGSk4SFUlPc3cjeKND0zktziyjBA=="
      },
      "System.Threading.Tasks.Extensions": {
        "type": "Transitive",
        "resolved": "4.5.4",
        "contentHash": "zteT+G8xuGu6mS+mzDzYXbzS7rd3K6Fjb9RiZlYlJPam2/hU7JCBZBVEcywNuR+oZ1ncTvc/cq0faRr3P01OVg=="
      },
      "System.ValueTuple": {
        "type": "Transitive",
        "resolved": "4.5.0",
        "contentHash": "okurQJO6NRE/apDIP23ajJ0hpiNmJ+f0BwOlB/cSqTLQlw5upkf+5+96+iG2Jw40G1fCVCyPz/FhIABUjMR+RQ=="
      },
      "System.Windows.Extensions": {
        "type": "Transitive",
        "resolved": "6.0.0",
        "contentHash": "IXoJOXIqc39AIe+CIR7koBtRGMiCt/LPM3lI+PELtDIy9XdyeSrwXFdWV9dzJ2Awl0paLWUaknLxFQ5HpHZUog==",
        "dependencies": {
          "System.Drawing.Common": "6.0.0"
        }
      }
    },
    "net8.0/win-x64": {
      "Microsoft.Azure.Cosmos": {
        "type": "Transitive",
        "resolved": "3.62.1",
        "contentHash": "1jNOGwdtwHjk40zfxPv3dhwpqX7Ilex1PUuCPYDEMBAa3Y7HZS5GxoXbzGR+uxVJc4XKwFH9ZWkSLgswCgXlYQ==",
        "dependencies": {
          "Azure.Core": "1.44.1",
          "Microsoft.Bcl.AsyncInterfaces": "6.0.0",
          "Microsoft.Bcl.HashCode": "1.1.0",
          "System.Buffers": "4.5.1",
          "System.Collections.Immutable": "1.7.0",
          "System.Configuration.ConfigurationManager": "6.0.0",
          "System.Diagnostics.DiagnosticSource": "8.0.1",
          "System.Memory": "4.5.5",
          "System.Numerics.Vectors": "4.5.0",
          "System.Runtime.CompilerServices.Unsafe": "6.0.0",
          "System.Threading.Tasks.Extensions": "4.5.4",
          "System.ValueTuple": "4.5.0"
        }
      },
      "Microsoft.Win32.SystemEvents": {
        "type": "Transitive",
        "resolved": "6.0.0",
        "contentHash": "hqTM5628jSsQiv+HGpiq3WKBl2c8v1KZfby2J6Pr7pEPlK9waPdgEO6b8A/+/xn/yZ9ulv8HuqK71ONy2tg67A=="
      },
      "System.Diagnostics.EventLog": {
        "type": "Transitive",
        "resolved": "8.0.1",
        "contentHash": "n1ZP7NM2Gkn/MgD8+eOT5MulMj6wfeQMNS2Pizvq5GHCZfjlFMXV2irQlQmJhwA2VABC57M0auudO89Iu2uRLg=="
      },
      "System.Drawing.Common": {
        "type": "Transitive",
        "resolved": "6.0.0",
        "contentHash": "NfuoKUiP2nUWwKZN6twGqXioIe1zVD0RIj2t976A+czLHr2nY454RwwXs6JU9Htc6mwqL6Dn/nEL3dpVf2jOhg==",
        "dependencies": {
          "Microsoft.Win32.SystemEvents": "6.0.0"
        }
      },
      "System.Security.AccessControl": {
        "type": "Transitive",
        "resolved": "6.0.0",
        "contentHash": "AUADIc0LIEQe7MzC+I0cl0rAT8RrTAKFHl53yHjEUzNVIaUlhFY11vc2ebiVJzVBuOzun6F7FBA+8KAbGTTedQ=="
      },
      "System.Text.Encodings.Web": {
        "type": "Transitive",
        "resolved": "10.0.10",
        "contentHash": "o16m2YpDN/pjHsnxf9pTGwkpcuvjW8v1/wGUwJtM1c3QZUKm7ZEO/eYRJg7iIx6GxS2Zv9lAMHpiQwHDdgqauA=="
      },
      "System.Windows.Extensions": {
        "type": "Transitive",
        "resolved": "6.0.0",
        "contentHash": "IXoJOXIqc39AIe+CIR7koBtRGMiCt/LPM3lI+PELtDIy9XdyeSrwXFdWV9dzJ2Awl0paLWUaknLxFQ5HpHZUog==",
        "dependencies": {
          "System.Drawing.Common": "6.0.0"
        }
      }
    }
  }
}