
Microsoft Visual Studio Solution File, Format Version 12.00
# Visual Studio Version 18
VisualStudioVersion = 18.6.11828.311
MinimumVisualStudioVersion = 10.0.40219.1
Project("{FAE04EC0-301F-11D3-BF4B-00C04F79EFBC}") = "Learn.Web", "Learn.Web\Learn.Web.csproj", "{B7605C34-214E-D064-2D55-0F887CC92B8A}"
EndProject
Project("{FAE04EC0-301F-11D3-BF4B-00C04F79EFBC}") = "IQPilot", "IQPilot\IQPilot.csproj", "{B34C8E71-8894-1F7D-42F9-38C4CEAB513B}"
EndProject
Project("{FAE04EC0-301F-11D3-BF4B-00C04F79EFBC}") = "Learn.Web.Shared", "Learn.Web.Shared\Learn.Web.Shared.csproj", "{76040CC1-79BC-4E68-969F-91D1A7062E99}"
EndProject
Project("{FAE04EC0-301F-11D3-BF4B-00C04F79EFBC}") = "Learn.Web.Client", "Learn.Web.Client\Learn.Web.Client.csproj", "{BA551BB3-C2AC-4528-A4B4-EDCA5999FF57}"
EndProject
Project("{2150E333-8FDC-42A3-9474-1A3956D46DE8}") = "_ext", "_ext", "{7066CAF8-9492-4F63-BD0E-CD6244487DC7}"
EndProject
Project("{FAE04EC0-301F-11D3-BF4B-00C04F79EFBC}") = "Diginsight.Core", "..\..\..\Diginsight\telemetry\src\Diginsight.Core\Diginsight.Core.csproj", "{79F2DAD5-43D4-8471-9ED0-A253119E0C7E}"
EndProject
Project("{FAE04EC0-301F-11D3-BF4B-00C04F79EFBC}") = "Diginsight.Atomify", "..\..\..\Diginsight\telemetry\src\Diginsight.Atomify\Diginsight.Atomify.csproj", "{4BFBF6BD-5A37-F493-6793-49CF822E51DA}"
EndProject
Project("{FAE04EC0-301F-11D3-BF4B-00C04F79EFBC}") = "Diginsight.AspNetCore", "..\..\..\Diginsight\telemetry\src\Diginsight.AspNetCore\Diginsight.AspNetCore.csproj", "{8BA410F0-3141-005B-2CBD-59FE84BA4C43}"
EndProject
Project("{FAE04EC0-301F-11D3-BF4B-00C04F79EFBC}") = "Diginsight.Diagnostics", "..\..\..\Diginsight\telemetry\src\Diginsight.Diagnostics\Diginsight.Diagnostics.csproj", "{1720451C-7CC5-FD47-7A54-9EDA9B877EF3}"
EndProject
Project("{FAE04EC0-301F-11D3-BF4B-00C04F79EFBC}") = "Diginsight.Diagnostics.AspNetCore", "..\..\..\Diginsight\telemetry\src\Diginsight.Diagnostics.AspNetCore\Diginsight.Diagnostics.AspNetCore.csproj", "{D7D60641-9856-1F77-3973-644E457D4B12}"
EndProject
Project("{FAE04EC0-301F-11D3-BF4B-00C04F79EFBC}") = "Diginsight.Diagnostics.AspNetCore.OpenTelemetry", "..\..\..\Diginsight\telemetry\src\Diginsight.Diagnostics.AspNetCore.OpenTelemetry\Diginsight.Diagnostics.AspNetCore.OpenTelemetry.csproj", "{A485A0AE-1328-6DB1-6929-003810121999}"
EndProject
Project("{FAE04EC0-301F-11D3-BF4B-00C04F79EFBC}") = "Diginsight.Diagnostics.Log4Net", "..\..\..\Diginsight\telemetry\src\Diginsight.Diagnostics.Log4Net\Diginsight.Diagnostics.Log4Net.csproj", "{2B93CEEF-837A-2905-033B-53D9892352C9}"
EndProject
Project("{FAE04EC0-301F-11D3-BF4B-00C04F79EFBC}") = "Diginsight.Diagnostics.OpenTelemetry", "..\..\..\Diginsight\telemetry\src\Diginsight.Diagnostics.OpenTelemetry\Diginsight.Diagnostics.OpenTelemetry.csproj", "{55943053-0FD0-BF40-587B-D3EA49EB32FB}"
EndProject
Project("{FAE04EC0-301F-11D3-BF4B-00C04F79EFBC}") = "Diginsight.Json", "..\..\..\Diginsight\telemetry\src\Diginsight.Json\Diginsight.Json.csproj", "{C2BF8D13-0281-CF72-D772-B8EA8D2D5C28}"
EndProject
Project("{FAE04EC0-301F-11D3-BF4B-00C04F79EFBC}") = "Diginsight.Polyfills", "..\..\..\Diginsight\telemetry\src\Diginsight.Polyfills\Diginsight.Polyfills.csproj", "{111E2D6F-819A-627C-EEF5-230AAFB6BBE5}"
EndProject
Project("{FAE04EC0-301F-11D3-BF4B-00C04F79EFBC}") = "Diginsight.Stringify", "..\..\..\Diginsight\telemetry\src\Diginsight.Stringify\Diginsight.Stringify.csproj", "{A9BBD9A9-4EF3-6DF6-C9EB-92703703458E}"
EndProject
Project("{FAE04EC0-301F-11D3-BF4B-00C04F79EFBC}") = "Diginsight.SmartCache", "..\..\..\Diginsight\smartcache\src\Diginsight.SmartCache\Diginsight.SmartCache.csproj", "{759CAC13-FEA6-C442-D670-3F3AA5047DFD}"
EndProject
Project("{FAE04EC0-301F-11D3-BF4B-00C04F79EFBC}") = "Diginsight.SmartCache.Externalization.AspNetCore", "..\..\..\Diginsight\smartcache\src\Diginsight.SmartCache.Externalization.AspNetCore\Diginsight.SmartCache.Externalization.AspNetCore.csproj", "{B0ED4B74-A05E-E0DE-DC94-3551B87B2648}"
EndProject
Project("{FAE04EC0-301F-11D3-BF4B-00C04F79EFBC}") = "Diginsight.SmartCache.Externalization.Http", "..\..\..\Diginsight\smartcache\src\Diginsight.SmartCache.Externalization.Http\Diginsight.SmartCache.Externalization.Http.csproj", "{5EA6E350-6B55-B006-B783-31633FD9A969}"
EndProject
Project("{FAE04EC0-301F-11D3-BF4B-00C04F79EFBC}") = "Diginsight.SmartCache.Externalization.Kubernetes", "..\..\..\Diginsight\smartcache\src\Diginsight.SmartCache.Externalization.Kubernetes\Diginsight.SmartCache.Externalization.Kubernetes.csproj", "{128990DA-CA0C-C494-3271-BA8E6325F72C}"
EndProject
Project("{FAE04EC0-301F-11D3-BF4B-00C04F79EFBC}") = "Diginsight.SmartCache.Externalization.Redis", "..\..\..\Diginsight\smartcache\src\Diginsight.SmartCache.Externalization.Redis\Diginsight.SmartCache.Externalization.Redis.csproj", "{1399C2E4-2110-8257-2778-ECEC2E59B273}"
EndProject
Project("{FAE04EC0-301F-11D3-BF4B-00C04F79EFBC}") = "Diginsight.SmartCache.Externalization.ServiceBus", "..\..\..\Diginsight\smartcache\src\Diginsight.SmartCache.Externalization.ServiceBus\Diginsight.SmartCache.Externalization.ServiceBus.csproj", "{BE92C746-AD09-16E3-AC7E-F2D9F2CD7BF9}"
EndProject
Project("{FAE04EC0-301F-11D3-BF4B-00C04F79EFBC}") = "Diginsight.Components", "..\..\..\Diginsight\components\src\Diginsight.Components\Diginsight.Components.csproj", "{A7D067D2-40D1-BA04-A365-9BF349B78E6D}"
EndProject
Project("{FAE04EC0-301F-11D3-BF4B-00C04F79EFBC}") = "Diginsight.Components.Abstractions", "..\..\..\Diginsight\components\src\Diginsight.Components.Abstractions\Diginsight.Components.Abstractions.csproj", "{BF05F959-698C-6CC6-8D1A-7E758F2A8E36}"
EndProject
Project("{FAE04EC0-301F-11D3-BF4B-00C04F79EFBC}") = "Diginsight.Components.Azure", "..\..\..\Diginsight\components\src\Diginsight.Components.Azure\Diginsight.Components.Azure.csproj", "{21861C68-CDB7-E63E-9B87-298D7C77A822}"
EndProject
Project("{FAE04EC0-301F-11D3-BF4B-00C04F79EFBC}") = "Diginsight.Components.Azure.Abstractions", "..\..\..\Diginsight\components\src\Diginsight.Components.Azure.Abstractions\Diginsight.Components.Azure.Abstractions.csproj", "{4B87E38F-44F0-29D1-F5C3-5975FF10932C}"
EndProject
Project("{FAE04EC0-301F-11D3-BF4B-00C04F79EFBC}") = "Diginsight.Components.Configuration", "..\..\..\Diginsight\components\src\Diginsight.Components.Configuration\Diginsight.Components.Configuration.csproj", "{CE7E3D1C-99B4-3EB1-F7F8-7C05D9FA43AD}"
EndProject
Project("{FAE04EC0-301F-11D3-BF4B-00C04F79EFBC}") = "Diginsight.Components.Configuration.Abstractions", "..\..\..\Diginsight\components\src\Diginsight.Components.Configuration.Abstractions\Diginsight.Components.Configuration.Abstractions.csproj", "{3840E770-C26A-40F1-2748-4F7EE2857C18}"
EndProject
Project("{FAE04EC0-301F-11D3-BF4B-00C04F79EFBC}") = "Diginsight.Components.Presentation", "..\..\..\Diginsight\components\src\Diginsight.Components.Presentation\Diginsight.Components.Presentation.csproj", "{9B91D9CB-CDBF-7B9C-8D93-99719184460F}"
EndProject
Project("{FAE04EC0-301F-11D3-BF4B-00C04F79EFBC}") = "Diginsight.Components.Presentation.Abstractions", "..\..\..\Diginsight\components\src\Diginsight.Components.Presentation.Abstractions\Diginsight.Components.Presentation.Abstractions.csproj", "{0CFE8E1F-3296-CC66-E072-5EA6D64AB91B}"
EndProject
Global
	GlobalSection(SolutionConfigurationPlatforms) = preSolution
		Debug|Any CPU = Debug|Any CPU
		Debug|x64 = Debug|x64
		Debug|x86 = Debug|x86
		Release|Any CPU = Release|Any CPU
		Release|x64 = Release|x64
		Release|x86 = Release|x86
	EndGlobalSection
	GlobalSection(ProjectConfigurationPlatforms) = postSolution
		{B7605C34-214E-D064-2D55-0F887CC92B8A}.Debug|Any CPU.ActiveCfg = Debug|Any CPU
		{B7605C34-214E-D064-2D55-0F887CC92B8A}.Debug|Any CPU.Build.0 = Debug|Any CPU
		{B7605C34-214E-D064-2D55-0F887CC92B8A}.Debug|x64.ActiveCfg = Debug|Any CPU
		{B7605C34-214E-D064-2D55-0F887CC92B8A}.Debug|x64.Build.0 = Debug|Any CPU
		{B7605C34-214E-D064-2D55-0F887CC92B8A}.Debug|x86.ActiveCfg = Debug|Any CPU
		{B7605C34-214E-D064-2D55-0F887CC92B8A}.Debug|x86.Build.0 = Debug|Any CPU
		{B7605C34-214E-D064-2D55-0F887CC92B8A}.Release|Any CPU.ActiveCfg = Release|Any CPU
		{B7605C34-214E-D064-2D55-0F887CC92B8A}.Release|Any CPU.Build.0 = Release|Any CPU
		{B7605C34-214E-D064-2D55-0F887CC92B8A}.Release|x64.ActiveCfg = Release|Any CPU
		{B7605C34-214E-D064-2D55-0F887CC92B8A}.Release|x64.Build.0 = Release|Any CPU
		{B7605C34-214E-D064-2D55-0F887CC92B8A}.Release|x86.ActiveCfg = Release|Any CPU
		{B7605C34-214E-D064-2D55-0F887CC92B8A}.Release|x86.Build.0 = Release|Any CPU
		{B34C8E71-8894-1F7D-42F9-38C4CEAB513B}.Debug|Any CPU.ActiveCfg = Debug|Any CPU
		{B34C8E71-8894-1F7D-42F9-38C4CEAB513B}.Debug|Any CPU.Build.0 = Debug|Any CPU
		{B34C8E71-8894-1F7D-42F9-38C4CEAB513B}.Debug|x64.ActiveCfg = Debug|Any CPU
		{B34C8E71-8894-1F7D-42F9-38C4CEAB513B}.Debug|x64.Build.0 = Debug|Any CPU
		{B34C8E71-8894-1F7D-42F9-38C4CEAB513B}.Debug|x86.ActiveCfg = Debug|Any CPU
		{B34C8E71-8894-1F7D-42F9-38C4CEAB513B}.Debug|x86.Build.0 = Debug|Any CPU
		{B34C8E71-8894-1F7D-42F9-38C4CEAB513B}.Release|Any CPU.ActiveCfg = Release|Any CPU
		{B34C8E71-8894-1F7D-42F9-38C4CEAB513B}.Release|Any CPU.Build.0 = Release|Any CPU
		{B34C8E71-8894-1F7D-42F9-38C4CEAB513B}.Release|x64.ActiveCfg = Release|Any CPU
		{B34C8E71-8894-1F7D-42F9-38C4CEAB513B}.Release|x64.Build.0 = Release|Any CPU
		{B34C8E71-8894-1F7D-42F9-38C4CEAB513B}.Release|x86.ActiveCfg = Release|Any CPU
		{B34C8E71-8894-1F7D-42F9-38C4CEAB513B}.Release|x86.Build.0 = Release|Any CPU
		{76040CC1-79BC-4E68-969F-91D1A7062E99}.Debug|Any CPU.ActiveCfg = Debug|Any CPU
		{76040CC1-79BC-4E68-969F-91D1A7062E99}.Debug|Any CPU.Build.0 = Debug|Any CPU
		{76040CC1-79BC-4E68-969F-91D1A7062E99}.Debug|x64.ActiveCfg = Debug|Any CPU
		{76040CC1-79BC-4E68-969F-91D1A7062E99}.Debug|x64.Build.0 = Debug|Any CPU
		{76040CC1-79BC-4E68-969F-91D1A7062E99}.Debug|x86.ActiveCfg = Debug|Any CPU
		{76040CC1-79BC-4E68-969F-91D1A7062E99}.Debug|x86.Build.0 = Debug|Any CPU
		{76040CC1-79BC-4E68-969F-91D1A7062E99}.Release|Any CPU.ActiveCfg = Release|Any CPU
		{76040CC1-79BC-4E68-969F-91D1A7062E99}.Release|Any CPU.Build.0 = Release|Any CPU
		{76040CC1-79BC-4E68-969F-91D1A7062E99}.Release|x64.ActiveCfg = Release|Any CPU
		{76040CC1-79BC-4E68-969F-91D1A7062E99}.Release|x64.Build.0 = Release|Any CPU
		{76040CC1-79BC-4E68-969F-91D1A7062E99}.Release|x86.ActiveCfg = Release|Any CPU
		{76040CC1-79BC-4E68-969F-91D1A7062E99}.Release|x86.Build.0 = Release|Any CPU
		{BA551BB3-C2AC-4528-A4B4-EDCA5999FF57}.Debug|Any CPU.ActiveCfg = Debug|Any CPU
		{BA551BB3-C2AC-4528-A4B4-EDCA5999FF57}.Debug|Any CPU.Build.0 = Debug|Any CPU
		{BA551BB3-C2AC-4528-A4B4-EDCA5999FF57}.Debug|x64.ActiveCfg = Debug|Any CPU
		{BA551BB3-C2AC-4528-A4B4-EDCA5999FF57}.Debug|x64.Build.0 = Debug|Any CPU
		{BA551BB3-C2AC-4528-A4B4-EDCA5999FF57}.Debug|x86.ActiveCfg = Debug|Any CPU
		{BA551BB3-C2AC-4528-A4B4-EDCA5999FF57}.Debug|x86.Build.0 = Debug|Any CPU
		{BA551BB3-C2AC-4528-A4B4-EDCA5999FF57}.Release|Any CPU.ActiveCfg = Release|Any CPU
		{BA551BB3-C2AC-4528-A4B4-EDCA5999FF57}.Release|Any CPU.Build.0 = Release|Any CPU
		{BA551BB3-C2AC-4528-A4B4-EDCA5999FF57}.Release|x64.ActiveCfg = Release|Any CPU
		{BA551BB3-C2AC-4528-A4B4-EDCA5999FF57}.Release|x64.Build.0 = Release|Any CPU
		{BA551BB3-C2AC-4528-A4B4-EDCA5999FF57}.Release|x86.ActiveCfg = Release|Any CPU
		{BA551BB3-C2AC-4528-A4B4-EDCA5999FF57}.Release|x86.Build.0 = Release|Any CPU
		{79F2DAD5-43D4-8471-9ED0-A253119E0C7E}.Debug|Any CPU.ActiveCfg = Debug|Any CPU
		{79F2DAD5-43D4-8471-9ED0-A253119E0C7E}.Debug|Any CPU.Build.0 = Debug|Any CPU
		{79F2DAD5-43D4-8471-9ED0-A253119E0C7E}.Debug|x64.ActiveCfg = Debug|Any CPU
		{79F2DAD5-43D4-8471-9ED0-A253119E0C7E}.Debug|x64.Build.0 = Debug|Any CPU
		{79F2DAD5-43D4-8471-9ED0-A253119E0C7E}.Debug|x86.ActiveCfg = Debug|Any CPU
		{79F2DAD5-43D4-8471-9ED0-A253119E0C7E}.Debug|x86.Build.0 = Debug|Any CPU
		{79F2DAD5-43D4-8471-9ED0-A253119E0C7E}.Release|Any CPU.ActiveCfg = Release|Any CPU
		{79F2DAD5-43D4-8471-9ED0-A253119E0C7E}.Release|Any CPU.Build.0 = Release|Any CPU
		{79F2DAD5-43D4-8471-9ED0-A253119E0C7E}.Release|x64.ActiveCfg = Release|Any CPU
		{79F2DAD5-43D4-8471-9ED0-A253119E0C7E}.Release|x64.Build.0 = Release|Any CPU
		{79F2DAD5-43D4-8471-9ED0-A253119E0C7E}.Release|x86.ActiveCfg = Release|Any CPU
		{79F2DAD5-43D4-8471-9ED0-A253119E0C7E}.Release|x86.Build.0 = Release|Any CPU
		{4BFBF6BD-5A37-F493-6793-49CF822E51DA}.Debug|Any CPU.ActiveCfg = Debug|Any CPU
		{4BFBF6BD-5A37-F493-6793-49CF822E51DA}.Debug|Any CPU.Build.0 = Debug|Any CPU
		{4BFBF6BD-5A37-F493-6793-49CF822E51DA}.Debug|x64.ActiveCfg = Debug|Any CPU
		{4BFBF6BD-5A37-F493-6793-49CF822E51DA}.Debug|x64.Build.0 = Debug|Any CPU
		{4BFBF6BD-5A37-F493-6793-49CF822E51DA}.Debug|x86.ActiveCfg = Debug|Any CPU
		{4BFBF6BD-5A37-F493-6793-49CF822E51DA}.Debug|x86.Build.0 = Debug|Any CPU
		{4BFBF6BD-5A37-F493-6793-49CF822E51DA}.Release|Any CPU.ActiveCfg = Release|Any CPU
		{4BFBF6BD-5A37-F493-6793-49CF822E51DA}.Release|Any CPU.Build.0 = Release|Any CPU
		{4BFBF6BD-5A37-F493-6793-49CF822E51DA}.Release|x64.ActiveCfg = Release|Any CPU
		{4BFBF6BD-5A37-F493-6793-49CF822E51DA}.Release|x64.Build.0 = Release|Any CPU
		{4BFBF6BD-5A37-F493-6793-49CF822E51DA}.Release|x86.ActiveCfg = Release|Any CPU
		{4BFBF6BD-5A37-F493-6793-49CF822E51DA}.Release|x86.Build.0 = Release|Any CPU
		{8BA410F0-3141-005B-2CBD-59FE84BA4C43}.Debug|Any CPU.ActiveCfg = Debug|Any CPU
		{8BA410F0-3141-005B-2CBD-59FE84BA4C43}.Debug|Any CPU.Build.0 = Debug|Any CPU
		{8BA410F0-3141-005B-2CBD-59FE84BA4C43}.Debug|x64.ActiveCfg = Debug|Any CPU
		{8BA410F0-3141-005B-2CBD-59FE84BA4C43}.Debug|x64.Build.0 = Debug|Any CPU
		{8BA410F0-3141-005B-2CBD-59FE84BA4C43}.Debug|x86.ActiveCfg = Debug|Any CPU
		{8BA410F0-3141-005B-2CBD-59FE84BA4C43}.Debug|x86.Build.0 = Debug|Any CPU
		{8BA410F0-3141-005B-2CBD-59FE84BA4C43}.Release|Any CPU.ActiveCfg = Release|Any CPU
		{8BA410F0-3141-005B-2CBD-59FE84BA4C43}.Release|Any CPU.Build.0 = Release|Any CPU
		{8BA410F0-3141-005B-2CBD-59FE84BA4C43}.Release|x64.ActiveCfg = Release|Any CPU
		{8BA410F0-3141-005B-2CBD-59FE84BA4C43}.Release|x64.Build.0 = Release|Any CPU
		{8BA410F0-3141-005B-2CBD-59FE84BA4C43}.Release|x86.ActiveCfg = Release|Any CPU
		{8BA410F0-3141-005B-2CBD-59FE84BA4C43}.Release|x86.Build.0 = Release|Any CPU
		{1720451C-7CC5-FD47-7A54-9EDA9B877EF3}.Debug|Any CPU.ActiveCfg = Debug|Any CPU
		{1720451C-7CC5-FD47-7A54-9EDA9B877EF3}.Debug|Any CPU.Build.0 = Debug|Any CPU
		{1720451C-7CC5-FD47-7A54-9EDA9B877EF3}.Debug|x64.ActiveCfg = Debug|Any CPU
		{1720451C-7CC5-FD47-7A54-9EDA9B877EF3}.Debug|x64.Build.0 = Debug|Any CPU
		{1720451C-7CC5-FD47-7A54-9EDA9B877EF3}.Debug|x86.ActiveCfg = Debug|Any CPU
		{1720451C-7CC5-FD47-7A54-9EDA9B877EF3}.Debug|x86.Build.0 = Debug|Any CPU
		{1720451C-7CC5-FD47-7A54-9EDA9B877EF3}.Release|Any CPU.ActiveCfg = Release|Any CPU
		{1720451C-7CC5-FD47-7A54-9EDA9B877EF3}.Release|Any CPU.Build.0 = Release|Any CPU
		{1720451C-7CC5-FD47-7A54-9EDA9B877EF3}.Release|x64.ActiveCfg = Release|Any CPU
		{1720451C-7CC5-FD47-7A54-9EDA9B877EF3}.Release|x64.Build.0 = Release|Any CPU
		{1720451C-7CC5-FD47-7A54-9EDA9B877EF3}.Release|x86.ActiveCfg = Release|Any CPU
		{1720451C-7CC5-FD47-7A54-9EDA9B877EF3}.Release|x86.Build.0 = Release|Any CPU
		{D7D60641-9856-1F77-3973-644E457D4B12}.Debug|Any CPU.ActiveCfg = Debug|Any CPU
		{D7D60641-9856-1F77-3973-644E457D4B12}.Debug|Any CPU.Build.0 = Debug|Any CPU
		{D7D60641-9856-1F77-3973-644E457D4B12}.Debug|x64.ActiveCfg = Debug|Any CPU
		{D7D60641-9856-1F77-3973-644E457D4B12}.Debug|x64.Build.0 = Debug|Any CPU
		{D7D60641-9856-1F77-3973-644E457D4B12}.Debug|x86.ActiveCfg = Debug|Any CPU
		{D7D60641-9856-1F77-3973-644E457D4B12}.Debug|x86.Build.0 = Debug|Any CPU
		{D7D60641-9856-1F77-3973-644E457D4B12}.Release|Any CPU.ActiveCfg = Release|Any CPU
		{D7D60641-9856-1F77-3973-644E457D4B12}.Release|Any CPU.Build.0 = Release|Any CPU
		{D7D60641-9856-1F77-3973-644E457D4B12}.Release|x64.ActiveCfg = Release|Any CPU
		{D7D60641-9856-1F77-3973-644E457D4B12}.Release|x64.Build.0 = Release|Any CPU
		{D7D60641-9856-1F77-3973-644E457D4B12}.Release|x86.ActiveCfg = Release|Any CPU
		{D7D60641-9856-1F77-3973-644E457D4B12}.Release|x86.Build.0 = Release|Any CPU
		{A485A0AE-1328-6DB1-6929-003810121999}.Debug|Any CPU.ActiveCfg = Debug|Any CPU
		{A485A0AE-1328-6DB1-6929-003810121999}.Debug|Any CPU.Build.0 = Debug|Any CPU
		{A485A0AE-1328-6DB1-6929-003810121999}.Debug|x64.ActiveCfg = Debug|Any CPU
		{A485A0AE-1328-6DB1-6929-003810121999}.Debug|x64.Build.0 = Debug|Any CPU
		{A485A0AE-1328-6DB1-6929-003810121999}.Debug|x86.ActiveCfg = Debug|Any CPU
		{A485A0AE-1328-6DB1-6929-003810121999}.Debug|x86.Build.0 = Debug|Any CPU
		{A485A0AE-1328-6DB1-6929-003810121999}.Release|Any CPU.ActiveCfg = Release|Any CPU
		{A485A0AE-1328-6DB1-6929-003810121999}.Release|Any CPU.Build.0 = Release|Any CPU
		{A485A0AE-1328-6DB1-6929-003810121999}.Release|x64.ActiveCfg = Release|Any CPU
		{A485A0AE-1328-6DB1-6929-003810121999}.Release|x64.Build.0 = Release|Any CPU
		{A485A0AE-1328-6DB1-6929-003810121999}.Release|x86.ActiveCfg = Release|Any CPU
		{A485A0AE-1328-6DB1-6929-003810121999}.Release|x86.Build.0 = Release|Any CPU
		{2B93CEEF-837A-2905-033B-53D9892352C9}.Debug|Any CPU.ActiveCfg = Debug|Any CPU
		{2B93CEEF-837A-2905-033B-53D9892352C9}.Debug|Any CPU.Build.0 = Debug|Any CPU
		{2B93CEEF-837A-2905-033B-53D9892352C9}.Debug|x64.ActiveCfg = Debug|Any CPU
		{2B93CEEF-837A-2905-033B-53D9892352C9}.Debug|x64.Build.0 = Debug|Any CPU
		{2B93CEEF-837A-2905-033B-53D9892352C9}.Debug|x86.ActiveCfg = Debug|Any CPU
		{2B93CEEF-837A-2905-033B-53D9892352C9}.Debug|x86.Build.0 = Debug|Any CPU
		{2B93CEEF-837A-2905-033B-53D9892352C9}.Release|Any CPU.ActiveCfg = Release|Any CPU
		{2B93CEEF-837A-2905-033B-53D9892352C9}.Release|Any CPU.Build.0 = Release|Any CPU
		{2B93CEEF-837A-2905-033B-53D9892352C9}.Release|x64.ActiveCfg = Release|Any CPU
		{2B93CEEF-837A-2905-033B-53D9892352C9}.Release|x64.Build.0 = Release|Any CPU
		{2B93CEEF-837A-2905-033B-53D9892352C9}.Release|x86.ActiveCfg = Release|Any CPU
		{2B93CEEF-837A-2905-033B-53D9892352C9}.Release|x86.Build.0 = Release|Any CPU
		{55943053-0FD0-BF40-587B-D3EA49EB32FB}.Debug|Any CPU.ActiveCfg = Debug|Any CPU
		{55943053-0FD0-BF40-587B-D3EA49EB32FB}.Debug|Any CPU.Build.0 = Debug|Any CPU
		{55943053-0FD0-BF40-587B-D3EA49EB32FB}.Debug|x64.ActiveCfg = Debug|Any CPU
		{55943053-0FD0-BF40-587B-D3EA49EB32FB}.Debug|x64.Build.0 = Debug|Any CPU
		{55943053-0FD0-BF40-587B-D3EA49EB32FB}.Debug|x86.ActiveCfg = Debug|Any CPU
		{55943053-0FD0-BF40-587B-D3EA49EB32FB}.Debug|x86.Build.0 = Debug|Any CPU
		{55943053-0FD0-BF40-587B-D3EA49EB32FB}.Release|Any CPU.ActiveCfg = Release|Any CPU
		{55943053-0FD0-BF40-587B-D3EA49EB32FB}.Release|Any CPU.Build.0 = Release|Any CPU
		{55943053-0FD0-BF40-587B-D3EA49EB32FB}.Release|x64.ActiveCfg = Release|Any CPU
		{55943053-0FD0-BF40-587B-D3EA49EB32FB}.Release|x64.Build.0 = Release|Any CPU
		{55943053-0FD0-BF40-587B-D3EA49EB32FB}.Release|x86.ActiveCfg = Release|Any CPU
		{55943053-0FD0-BF40-587B-D3EA49EB32FB}.Release|x86.Build.0 = Release|Any CPU
		{C2BF8D13-0281-CF72-D772-B8EA8D2D5C28}.Debug|Any CPU.ActiveCfg = Debug|Any CPU
		{C2BF8D13-0281-CF72-D772-B8EA8D2D5C28}.Debug|Any CPU.Build.0 = Debug|Any CPU
		{C2BF8D13-0281-CF72-D772-B8EA8D2D5C28}.Debug|x64.ActiveCfg = Debug|Any CPU
		{C2BF8D13-0281-CF72-D772-B8EA8D2D5C28}.Debug|x64.Build.0 = Debug|Any CPU
		{C2BF8D13-0281-CF72-D772-B8EA8D2D5C28}.Debug|x86.ActiveCfg = Debug|Any CPU
		{C2BF8D13-0281-CF72-D772-B8EA8D2D5C28}.Debug|x86.Build.0 = Debug|Any CPU
		{C2BF8D13-0281-CF72-D772-B8EA8D2D5C28}.Release|Any CPU.ActiveCfg = Release|Any CPU
		{C2BF8D13-0281-CF72-D772-B8EA8D2D5C28}.Release|Any CPU.Build.0 = Release|Any CPU
		{C2BF8D13-0281-CF72-D772-B8EA8D2D5C28}.Release|x64.ActiveCfg = Release|Any CPU
		{C2BF8D13-0281-CF72-D772-B8EA8D2D5C28}.Release|x64.Build.0 = Release|Any CPU
		{C2BF8D13-0281-CF72-D772-B8EA8D2D5C28}.Release|x86.ActiveCfg = Release|Any CPU
		{C2BF8D13-0281-CF72-D772-B8EA8D2D5C28}.Release|x86.Build.0 = Release|Any CPU
		{111E2D6F-819A-627C-EEF5-230AAFB6BBE5}.Debug|Any CPU.ActiveCfg = Debug|Any CPU
		{111E2D6F-819A-627C-EEF5-230AAFB6BBE5}.Debug|Any CPU.Build.0 = Debug|Any CPU
		{111E2D6F-819A-627C-EEF5-230AAFB6BBE5}.Debug|x64.ActiveCfg = Debug|Any CPU
		{111E2D6F-819A-627C-EEF5-230AAFB6BBE5}.Debug|x64.Build.0 = Debug|Any CPU
		{111E2D6F-819A-627C-EEF5-230AAFB6BBE5}.Debug|x86.ActiveCfg = Debug|Any CPU
		{111E2D6F-819A-627C-EEF5-230AAFB6BBE5}.Debug|x86.Build.0 = Debug|Any CPU
		{111E2D6F-819A-627C-EEF5-230AAFB6BBE5}.Release|Any CPU.ActiveCfg = Release|Any CPU
		{111E2D6F-819A-627C-EEF5-230AAFB6BBE5}.Release|Any CPU.Build.0 = Release|Any CPU
		{111E2D6F-819A-627C-EEF5-230AAFB6BBE5}.Release|x64.ActiveCfg = Release|Any CPU
		{111E2D6F-819A-627C-EEF5-230AAFB6BBE5}.Release|x64.Build.0 = Release|Any CPU
		{111E2D6F-819A-627C-EEF5-230AAFB6BBE5}.Release|x86.ActiveCfg = Release|Any CPU
		{111E2D6F-819A-627C-EEF5-230AAFB6BBE5}.Release|x86.Build.0 = Release|Any CPU
		{A9BBD9A9-4EF3-6DF6-C9EB-92703703458E}.Debug|Any CPU.ActiveCfg = Debug|Any CPU
		{A9BBD9A9-4EF3-6DF6-C9EB-92703703458E}.Debug|Any CPU.Build.0 = Debug|Any CPU
		{A9BBD9A9-4EF3-6DF6-C9EB-92703703458E}.Debug|x64.ActiveCfg = Debug|Any CPU
		{A9BBD9A9-4EF3-6DF6-C9EB-92703703458E}.Debug|x64.Build.0 = Debug|Any CPU
		{A9BBD9A9-4EF3-6DF6-C9EB-92703703458E}.Debug|x86.ActiveCfg = Debug|Any CPU
		{A9BBD9A9-4EF3-6DF6-C9EB-92703703458E}.Debug|x86.Build.0 = Debug|Any CPU
		{A9BBD9A9-4EF3-6DF6-C9EB-92703703458E}.Release|Any CPU.ActiveCfg = Release|Any CPU
		{A9BBD9A9-4EF3-6DF6-C9EB-92703703458E}.Release|Any CPU.Build.0 = Release|Any CPU
		{A9BBD9A9-4EF3-6DF6-C9EB-92703703458E}.Release|x64.ActiveCfg = Release|Any CPU
		{A9BBD9A9-4EF3-6DF6-C9EB-92703703458E}.Release|x64.Build.0 = Release|Any CPU
		{A9BBD9A9-4EF3-6DF6-C9EB-92703703458E}.Release|x86.ActiveCfg = Release|Any CPU
		{A9BBD9A9-4EF3-6DF6-C9EB-92703703458E}.Release|x86.Build.0 = Release|Any CPU
		{759CAC13-FEA6-C442-D670-3F3AA5047DFD}.Debug|Any CPU.ActiveCfg = Debug|Any CPU
		{759CAC13-FEA6-C442-D670-3F3AA5047DFD}.Debug|Any CPU.Build.0 = Debug|Any CPU
		{759CAC13-FEA6-C442-D670-3F3AA5047DFD}.Debug|x64.ActiveCfg = Debug|Any CPU
		{759CAC13-FEA6-C442-D670-3F3AA5047DFD}.Debug|x64.Build.0 = Debug|Any CPU
		{759CAC13-FEA6-C442-D670-3F3AA5047DFD}.Debug|x86.ActiveCfg = Debug|Any CPU
		{759CAC13-FEA6-C442-D670-3F3AA5047DFD}.Debug|x86.Build.0 = Debug|Any CPU
		{759CAC13-FEA6-C442-D670-3F3AA5047DFD}.Release|Any CPU.ActiveCfg = Release|Any CPU
		{759CAC13-FEA6-C442-D670-3F3AA5047DFD}.Release|Any CPU.Build.0 = Release|Any CPU
		{759CAC13-FEA6-C442-D670-3F3AA5047DFD}.Release|x64.ActiveCfg = Release|Any CPU
		{759CAC13-FEA6-C442-D670-3F3AA5047DFD}.Release|x64.Build.0 = Release|Any CPU
		{759CAC13-FEA6-C442-D670-3F3AA5047DFD}.Release|x86.ActiveCfg = Release|Any CPU
		{759CAC13-FEA6-C442-D670-3F3AA5047DFD}.Release|x86.Build.0 = Release|Any CPU
		{B0ED4B74-A05E-E0DE-DC94-3551B87B2648}.Debug|Any CPU.ActiveCfg = Debug|Any CPU
		{B0ED4B74-A05E-E0DE-DC94-3551B87B2648}.Debug|Any CPU.Build.0 = Debug|Any CPU
		{B0ED4B74-A05E-E0DE-DC94-3551B87B2648}.Debug|x64.ActiveCfg = Debug|Any CPU
		{B0ED4B74-A05E-E0DE-DC94-3551B87B2648}.Debug|x64.Build.0 = Debug|Any CPU
		{B0ED4B74-A05E-E0DE-DC94-3551B87B2648}.Debug|x86.ActiveCfg = Debug|Any CPU
		{B0ED4B74-A05E-E0DE-DC94-3551B87B2648}.Debug|x86.Build.0 = Debug|Any CPU
		{B0ED4B74-A05E-E0DE-DC94-3551B87B2648}.Release|Any CPU.ActiveCfg = Release|Any CPU
		{B0ED4B74-A05E-E0DE-DC94-3551B87B2648}.Release|Any CPU.Build.0 = Release|Any CPU
		{B0ED4B74-A05E-E0DE-DC94-3551B87B2648}.Release|x64.ActiveCfg = Release|Any CPU
		{B0ED4B74-A05E-E0DE-DC94-3551B87B2648}.Release|x64.Build.0 = Release|Any CPU
		{B0ED4B74-A05E-E0DE-DC94-3551B87B2648}.Release|x86.ActiveCfg = Release|Any CPU
		{B0ED4B74-A05E-E0DE-DC94-3551B87B2648}.Release|x86.Build.0 = Release|Any CPU
		{5EA6E350-6B55-B006-B783-31633FD9A969}.Debug|Any CPU.ActiveCfg = Debug|Any CPU
		{5EA6E350-6B55-B006-B783-31633FD9A969}.Debug|Any CPU.Build.0 = Debug|Any CPU
		{5EA6E350-6B55-B006-B783-31633FD9A969}.Debug|x64.ActiveCfg = Debug|Any CPU
		{5EA6E350-6B55-B006-B783-31633FD9A969}.Debug|x64.Build.0 = Debug|Any CPU
		{5EA6E350-6B55-B006-B783-31633FD9A969}.Debug|x86.ActiveCfg = Debug|Any CPU
		{5EA6E350-6B55-B006-B783-31633FD9A969}.Debug|x86.Build.0 = Debug|Any CPU
		{5EA6E350-6B55-B006-B783-31633FD9A969}.Release|Any CPU.ActiveCfg = Release|Any CPU
		{5EA6E350-6B55-B006-B783-31633FD9A969}.Release|Any CPU.Build.0 = Release|Any CPU
		{5EA6E350-6B55-B006-B783-31633FD9A969}.Release|x64.ActiveCfg = Release|Any CPU
		{5EA6E350-6B55-B006-B783-31633FD9A969}.Release|x64.Build.0 = Release|Any CPU
		{5EA6E350-6B55-B006-B783-31633FD9A969}.Release|x86.ActiveCfg = Release|Any CPU
		{5EA6E350-6B55-B006-B783-31633FD9A969}.Release|x86.Build.0 = Release|Any CPU
		{128990DA-CA0C-C494-3271-BA8E6325F72C}.Debug|Any CPU.ActiveCfg = Debug|Any CPU
		{128990DA-CA0C-C494-3271-BA8E6325F72C}.Debug|Any CPU.Build.0 = Debug|Any CPU
		{128990DA-CA0C-C494-3271-BA8E6325F72C}.Debug|x64.ActiveCfg = Debug|Any CPU
		{128990DA-CA0C-C494-3271-BA8E6325F72C}.Debug|x64.Build.0 = Debug|Any CPU
		{128990DA-CA0C-C494-3271-BA8E6325F72C}.Debug|x86.ActiveCfg = Debug|Any CPU
		{128990DA-CA0C-C494-3271-BA8E6325F72C}.Debug|x86.Build.0 = Debug|Any CPU
		{128990DA-CA0C-C494-3271-BA8E6325F72C}.Release|Any CPU.ActiveCfg = Release|Any CPU
		{128990DA-CA0C-C494-3271-BA8E6325F72C}.Release|Any CPU.Build.0 = Release|Any CPU
		{128990DA-CA0C-C494-3271-BA8E6325F72C}.Release|x64.ActiveCfg = Release|Any CPU
		{128990DA-CA0C-C494-3271-BA8E6325F72C}.Release|x64.Build.0 = Release|Any CPU
		{128990DA-CA0C-C494-3271-BA8E6325F72C}.Release|x86.ActiveCfg = Release|Any CPU
		{128990DA-CA0C-C494-3271-BA8E6325F72C}.Release|x86.Build.0 = Release|Any CPU
		{1399C2E4-2110-8257-2778-ECEC2E59B273}.Debug|Any CPU.ActiveCfg = Debug|Any CPU
		{1399C2E4-2110-8257-2778-ECEC2E59B273}.Debug|Any CPU.Build.0 = Debug|Any CPU
		{1399C2E4-2110-8257-2778-ECEC2E59B273}.Debug|x64.ActiveCfg = Debug|Any CPU
		{1399C2E4-2110-8257-2778-ECEC2E59B273}.Debug|x64.Build.0 = Debug|Any CPU
		{1399C2E4-2110-8257-2778-ECEC2E59B273}.Debug|x86.ActiveCfg = Debug|Any CPU
		{1399C2E4-2110-8257-2778-ECEC2E59B273}.Debug|x86.Build.0 = Debug|Any CPU
		{1399C2E4-2110-8257-2778-ECEC2E59B273}.Release|Any CPU.ActiveCfg = Release|Any CPU
		{1399C2E4-2110-8257-2778-ECEC2E59B273}.Release|Any CPU.Build.0 = Release|Any CPU
		{1399C2E4-2110-8257-2778-ECEC2E59B273}.Release|x64.ActiveCfg = Release|Any CPU
		{1399C2E4-2110-8257-2778-ECEC2E59B273}.Release|x64.Build.0 = Release|Any CPU
		{1399C2E4-2110-8257-2778-ECEC2E59B273}.Release|x86.ActiveCfg = Release|Any CPU
		{1399C2E4-2110-8257-2778-ECEC2E59B273}.Release|x86.Build.0 = Release|Any CPU
		{BE92C746-AD09-16E3-AC7E-F2D9F2CD7BF9}.Debug|Any CPU.ActiveCfg = Debug|Any CPU
		{BE92C746-AD09-16E3-AC7E-F2D9F2CD7BF9}.Debug|Any CPU.Build.0 = Debug|Any CPU
		{BE92C746-AD09-16E3-AC7E-F2D9F2CD7BF9}.Debug|x64.ActiveCfg = Debug|Any CPU
		{BE92C746-AD09-16E3-AC7E-F2D9F2CD7BF9}.Debug|x64.Build.0 = Debug|Any CPU
		{BE92C746-AD09-16E3-AC7E-F2D9F2CD7BF9}.Debug|x86.ActiveCfg = Debug|Any CPU
		{BE92C746-AD09-16E3-AC7E-F2D9F2CD7BF9}.Debug|x86.Build.0 = Debug|Any CPU
		{BE92C746-AD09-16E3-AC7E-F2D9F2CD7BF9}.Release|Any CPU.ActiveCfg = Release|Any CPU
		{BE92C746-AD09-16E3-AC7E-F2D9F2CD7BF9}.Release|Any CPU.Build.0 = Release|Any CPU
		{BE92C746-AD09-16E3-AC7E-F2D9F2CD7BF9}.Release|x64.ActiveCfg = Release|Any CPU
		{BE92C746-AD09-16E3-AC7E-F2D9F2CD7BF9}.Release|x64.Build.0 = Release|Any CPU
		{BE92C746-AD09-16E3-AC7E-F2D9F2CD7BF9}.Release|x86.ActiveCfg = Release|Any CPU
		{BE92C746-AD09-16E3-AC7E-F2D9F2CD7BF9}.Release|x86.Build.0 = Release|Any CPU
		{A7D067D2-40D1-BA04-A365-9BF349B78E6D}.Debug|Any CPU.ActiveCfg = Debug|Any CPU
		{A7D067D2-40D1-BA04-A365-9BF349B78E6D}.Debug|Any CPU.Build.0 = Debug|Any CPU
		{A7D067D2-40D1-BA04-A365-9BF349B78E6D}.Debug|x64.ActiveCfg = Debug|Any CPU
		{A7D067D2-40D1-BA04-A365-9BF349B78E6D}.Debug|x64.Build.0 = Debug|Any CPU
		{A7D067D2-40D1-BA04-A365-9BF349B78E6D}.Debug|x86.ActiveCfg = Debug|Any CPU
		{A7D067D2-40D1-BA04-A365-9BF349B78E6D}.Debug|x86.Build.0 = Debug|Any CPU
		{A7D067D2-40D1-BA04-A365-9BF349B78E6D}.Release|Any CPU.ActiveCfg = Release|Any CPU
		{A7D067D2-40D1-BA04-A365-9BF349B78E6D}.Release|Any CPU.Build.0 = Release|Any CPU
		{A7D067D2-40D1-BA04-A365-9BF349B78E6D}.Release|x64.ActiveCfg = Release|Any CPU
		{A7D067D2-40D1-BA04-A365-9BF349B78E6D}.Release|x64.Build.0 = Release|Any CPU
		{A7D067D2-40D1-BA04-A365-9BF349B78E6D}.Release|x86.ActiveCfg = Release|Any CPU
		{A7D067D2-40D1-BA04-A365-9BF349B78E6D}.Release|x86.Build.0 = Release|Any CPU
		{BF05F959-698C-6CC6-8D1A-7E758F2A8E36}.Debug|Any CPU.ActiveCfg = Debug|Any CPU
		{BF05F959-698C-6CC6-8D1A-7E758F2A8E36}.Debug|Any CPU.Build.0 = Debug|Any CPU
		{BF05F959-698C-6CC6-8D1A-7E758F2A8E36}.Debug|x64.ActiveCfg = Debug|Any CPU
		{BF05F959-698C-6CC6-8D1A-7E758F2A8E36}.Debug|x64.Build.0 = Debug|Any CPU
		{BF05F959-698C-6CC6-8D1A-7E758F2A8E36}.Debug|x86.ActiveCfg = Debug|Any CPU
		{BF05F959-698C-6CC6-8D1A-7E758F2A8E36}.Debug|x86.Build.0 = Debug|Any CPU
		{BF05F959-698C-6CC6-8D1A-7E758F2A8E36}.Release|Any CPU.ActiveCfg = Release|Any CPU
		{BF05F959-698C-6CC6-8D1A-7E758F2A8E36}.Release|Any CPU.Build.0 = Release|Any CPU
		{BF05F959-698C-6CC6-8D1A-7E758F2A8E36}.Release|x64.ActiveCfg = Release|Any CPU
		{BF05F959-698C-6CC6-8D1A-7E758F2A8E36}.Release|x64.Build.0 = Release|Any CPU
		{BF05F959-698C-6CC6-8D1A-7E758F2A8E36}.Release|x86.ActiveCfg = Release|Any CPU
		{BF05F959-698C-6CC6-8D1A-7E758F2A8E36}.Release|x86.Build.0 = Release|Any CPU
		{21861C68-CDB7-E63E-9B87-298D7C77A822}.Debug|Any CPU.ActiveCfg = Debug|Any CPU
		{21861C68-CDB7-E63E-9B87-298D7C77A822}.Debug|Any CPU.Build.0 = Debug|Any CPU
		{21861C68-CDB7-E63E-9B87-298D7C77A822}.Debug|x64.ActiveCfg = Debug|Any CPU
		{21861C68-CDB7-E63E-9B87-298D7C77A822}.Debug|x64.Build.0 = Debug|Any CPU
		{21861C68-CDB7-E63E-9B87-298D7C77A822}.Debug|x86.ActiveCfg = Debug|Any CPU
		{21861C68-CDB7-E63E-9B87-298D7C77A822}.Debug|x86.Build.0 = Debug|Any CPU
		{21861C68-CDB7-E63E-9B87-298D7C77A822}.Release|Any CPU.ActiveCfg = Release|Any CPU
		{21861C68-CDB7-E63E-9B87-298D7C77A822}.Release|Any CPU.Build.0 = Release|Any CPU
		{21861C68-CDB7-E63E-9B87-298D7C77A822}.Release|x64.ActiveCfg = Release|Any CPU
		{21861C68-CDB7-E63E-9B87-298D7C77A822}.Release|x64.Build.0 = Release|Any CPU
		{21861C68-CDB7-E63E-9B87-298D7C77A822}.Release|x86.ActiveCfg = Release|Any CPU
		{21861C68-CDB7-E63E-9B87-298D7C77A822}.Release|x86.Build.0 = Release|Any CPU
		{4B87E38F-44F0-29D1-F5C3-5975FF10932C}.Debug|Any CPU.ActiveCfg = Debug|Any CPU
		{4B87E38F-44F0-29D1-F5C3-5975FF10932C}.Debug|Any CPU.Build.0 = Debug|Any CPU
		{4B87E38F-44F0-29D1-F5C3-5975FF10932C}.Debug|x64.ActiveCfg = Debug|Any CPU
		{4B87E38F-44F0-29D1-F5C3-5975FF10932C}.Debug|x64.Build.0 = Debug|Any CPU
		{4B87E38F-44F0-29D1-F5C3-5975FF10932C}.Debug|x86.ActiveCfg = Debug|Any CPU
		{4B87E38F-44F0-29D1-F5C3-5975FF10932C}.Debug|x86.Build.0 = Debug|Any CPU
		{4B87E38F-44F0-29D1-F5C3-5975FF10932C}.Release|Any CPU.ActiveCfg = Release|Any CPU
		{4B87E38F-44F0-29D1-F5C3-5975FF10932C}.Release|Any CPU.Build.0 = Release|Any CPU
		{4B87E38F-44F0-29D1-F5C3-5975FF10932C}.Release|x64.ActiveCfg = Release|Any CPU
		{4B87E38F-44F0-29D1-F5C3-5975FF10932C}.Release|x64.Build.0 = Release|Any CPU
		{4B87E38F-44F0-29D1-F5C3-5975FF10932C}.Release|x86.ActiveCfg = Release|Any CPU
		{4B87E38F-44F0-29D1-F5C3-5975FF10932C}.Release|x86.Build.0 = Release|Any CPU
		{CE7E3D1C-99B4-3EB1-F7F8-7C05D9FA43AD}.Debug|Any CPU.ActiveCfg = Debug|Any CPU
		{CE7E3D1C-99B4-3EB1-F7F8-7C05D9FA43AD}.Debug|Any CPU.Build.0 = Debug|Any CPU
		{CE7E3D1C-99B4-3EB1-F7F8-7C05D9FA43AD}.Debug|x64.ActiveCfg = Debug|Any CPU
		{CE7E3D1C-99B4-3EB1-F7F8-7C05D9FA43AD}.Debug|x64.Build.0 = Debug|Any CPU
		{CE7E3D1C-99B4-3EB1-F7F8-7C05D9FA43AD}.Debug|x86.ActiveCfg = Debug|Any CPU
		{CE7E3D1C-99B4-3EB1-F7F8-7C05D9FA43AD}.Debug|x86.Build.0 = Debug|Any CPU
		{CE7E3D1C-99B4-3EB1-F7F8-7C05D9FA43AD}.Release|Any CPU.ActiveCfg = Release|Any CPU
		{CE7E3D1C-99B4-3EB1-F7F8-7C05D9FA43AD}.Release|Any CPU.Build.0 = Release|Any CPU
		{CE7E3D1C-99B4-3EB1-F7F8-7C05D9FA43AD}.Release|x64.ActiveCfg = Release|Any CPU
		{CE7E3D1C-99B4-3EB1-F7F8-7C05D9FA43AD}.Release|x64.Build.0 = Release|Any CPU
		{CE7E3D1C-99B4-3EB1-F7F8-7C05D9FA43AD}.Release|x86.ActiveCfg = Release|Any CPU
		{CE7E3D1C-99B4-3EB1-F7F8-7C05D9FA43AD}.Release|x86.Build.0 = Release|Any CPU
		{3840E770-C26A-40F1-2748-4F7EE2857C18}.Debug|Any CPU.ActiveCfg = Debug|Any CPU
		{3840E770-C26A-40F1-2748-4F7EE2857C18}.Debug|Any CPU.Build.0 = Debug|Any CPU
		{3840E770-C26A-40F1-2748-4F7EE2857C18}.Debug|x64.ActiveCfg = Debug|Any CPU
		{3840E770-C26A-40F1-2748-4F7EE2857C18}.Debug|x64.Build.0 = Debug|Any CPU
		{3840E770-C26A-40F1-2748-4F7EE2857C18}.Debug|x86.ActiveCfg = Debug|Any CPU
		{3840E770-C26A-40F1-2748-4F7EE2857C18}.Debug|x86.Build.0 = Debug|Any CPU
		{3840E770-C26A-40F1-2748-4F7EE2857C18}.Release|Any CPU.ActiveCfg = Release|Any CPU
		{3840E770-C26A-40F1-2748-4F7EE2857C18}.Release|Any CPU.Build.0 = Release|Any CPU
		{3840E770-C26A-40F1-2748-4F7EE2857C18}.Release|x64.ActiveCfg = Release|Any CPU
		{3840E770-C26A-40F1-2748-4F7EE2857C18}.Release|x64.Build.0 = Release|Any CPU
		{3840E770-C26A-40F1-2748-4F7EE2857C18}.Release|x86.ActiveCfg = Release|Any CPU
		{3840E770-C26A-40F1-2748-4F7EE2857C18}.Release|x86.Build.0 = Release|Any CPU
		{9B91D9CB-CDBF-7B9C-8D93-99719184460F}.Debug|Any CPU.ActiveCfg = Debug|Any CPU
		{9B91D9CB-CDBF-7B9C-8D93-99719184460F}.Debug|Any CPU.Build.0 = Debug|Any CPU
		{9B91D9CB-CDBF-7B9C-8D93-99719184460F}.Debug|x64.ActiveCfg = Debug|Any CPU
		{9B91D9CB-CDBF-7B9C-8D93-99719184460F}.Debug|x64.Build.0 = Debug|Any CPU
		{9B91D9CB-CDBF-7B9C-8D93-99719184460F}.Debug|x86.ActiveCfg = Debug|Any CPU
		{9B91D9CB-CDBF-7B9C-8D93-99719184460F}.Debug|x86.Build.0 = Debug|Any CPU
		{9B91D9CB-CDBF-7B9C-8D93-99719184460F}.Release|Any CPU.ActiveCfg = Release|Any CPU
		{9B91D9CB-CDBF-7B9C-8D93-99719184460F}.Release|Any CPU.Build.0 = Release|Any CPU
		{9B91D9CB-CDBF-7B9C-8D93-99719184460F}.Release|x64.ActiveCfg = Release|Any CPU
		{9B91D9CB-CDBF-7B9C-8D93-99719184460F}.Release|x64.Build.0 = Release|Any CPU
		{9B91D9CB-CDBF-7B9C-8D93-99719184460F}.Release|x86.ActiveCfg = Release|Any CPU
		{9B91D9CB-CDBF-7B9C-8D93-99719184460F}.Release|x86.Build.0 = Release|Any CPU
		{0CFE8E1F-3296-CC66-E072-5EA6D64AB91B}.Debug|Any CPU.ActiveCfg = Debug|Any CPU
		{0CFE8E1F-3296-CC66-E072-5EA6D64AB91B}.Debug|Any CPU.Build.0 = Debug|Any CPU
		{0CFE8E1F-3296-CC66-E072-5EA6D64AB91B}.Debug|x64.ActiveCfg = Debug|Any CPU
		{0CFE8E1F-3296-CC66-E072-5EA6D64AB91B}.Debug|x64.Build.0 = Debug|Any CPU
		{0CFE8E1F-3296-CC66-E072-5EA6D64AB91B}.Debug|x86.ActiveCfg = Debug|Any CPU
		{0CFE8E1F-3296-CC66-E072-5EA6D64AB91B}.Debug|x86.Build.0 = Debug|Any CPU
		{0CFE8E1F-3296-CC66-E072-5EA6D64AB91B}.Release|Any CPU.ActiveCfg = Release|Any CPU
		{0CFE8E1F-3296-CC66-E072-5EA6D64AB91B}.Release|Any CPU.Build.0 = Release|Any CPU
		{0CFE8E1F-3296-CC66-E072-5EA6D64AB91B}.Release|x64.ActiveCfg = Release|Any CPU
		{0CFE8E1F-3296-CC66-E072-5EA6D64AB91B}.Release|x64.Build.0 = Release|Any CPU
		{0CFE8E1F-3296-CC66-E072-5EA6D64AB91B}.Release|x86.ActiveCfg = Release|Any CPU
		{0CFE8E1F-3296-CC66-E072-5EA6D64AB91B}.Release|x86.Build.0 = Release|Any CPU
	EndGlobalSection
	GlobalSection(SolutionProperties) = preSolution
		HideSolutionNode = FALSE
	EndGlobalSection
	GlobalSection(NestedProjects) = preSolution
		{79F2DAD5-43D4-8471-9ED0-A253119E0C7E} = {7066CAF8-9492-4F63-BD0E-CD6244487DC7}
		{4BFBF6BD-5A37-F493-6793-49CF822E51DA} = {7066CAF8-9492-4F63-BD0E-CD6244487DC7}
		{8BA410F0-3141-005B-2CBD-59FE84BA4C43} = {7066CAF8-9492-4F63-BD0E-CD6244487DC7}
		{1720451C-7CC5-FD47-7A54-9EDA9B877EF3} = {7066CAF8-9492-4F63-BD0E-CD6244487DC7}
		{D7D60641-9856-1F77-3973-644E457D4B12} = {7066CAF8-9492-4F63-BD0E-CD6244487DC7}
		{A485A0AE-1328-6DB1-6929-003810121999} = {7066CAF8-9492-4F63-BD0E-CD6244487DC7}
		{2B93CEEF-837A-2905-033B-53D9892352C9} = {7066CAF8-9492-4F63-BD0E-CD6244487DC7}
		{55943053-0FD0-BF40-587B-D3EA49EB32FB} = {7066CAF8-9492-4F63-BD0E-CD6244487DC7}
		{C2BF8D13-0281-CF72-D772-B8EA8D2D5C28} = {7066CAF8-9492-4F63-BD0E-CD6244487DC7}
		{111E2D6F-819A-627C-EEF5-230AAFB6BBE5} = {7066CAF8-9492-4F63-BD0E-CD6244487DC7}
		{A9BBD9A9-4EF3-6DF6-C9EB-92703703458E} = {7066CAF8-9492-4F63-BD0E-CD6244487DC7}
		{759CAC13-FEA6-C442-D670-3F3AA5047DFD} = {7066CAF8-9492-4F63-BD0E-CD6244487DC7}
		{B0ED4B74-A05E-E0DE-DC94-3551B87B2648} = {7066CAF8-9492-4F63-BD0E-CD6244487DC7}
		{5EA6E350-6B55-B006-B783-31633FD9A969} = {7066CAF8-9492-4F63-BD0E-CD6244487DC7}
		{128990DA-CA0C-C494-3271-BA8E6325F72C} = {7066CAF8-9492-4F63-BD0E-CD6244487DC7}
		{1399C2E4-2110-8257-2778-ECEC2E59B273} = {7066CAF8-9492-4F63-BD0E-CD6244487DC7}
		{BE92C746-AD09-16E3-AC7E-F2D9F2CD7BF9} = {7066CAF8-9492-4F63-BD0E-CD6244487DC7}
		{A7D067D2-40D1-BA04-A365-9BF349B78E6D} = {7066CAF8-9492-4F63-BD0E-CD6244487DC7}
		{BF05F959-698C-6CC6-8D1A-7E758F2A8E36} = {7066CAF8-9492-4F63-BD0E-CD6244487DC7}
		{21861C68-CDB7-E63E-9B87-298D7C77A822} = {7066CAF8-9492-4F63-BD0E-CD6244487DC7}
		{4B87E38F-44F0-29D1-F5C3-5975FF10932C} = {7066CAF8-9492-4F63-BD0E-CD6244487DC7}
		{CE7E3D1C-99B4-3EB1-F7F8-7C05D9FA43AD} = {7066CAF8-9492-4F63-BD0E-CD6244487DC7}
		{3840E770-C26A-40F1-2748-4F7EE2857C18} = {7066CAF8-9492-4F63-BD0E-CD6244487DC7}
		{9B91D9CB-CDBF-7B9C-8D93-99719184460F} = {7066CAF8-9492-4F63-BD0E-CD6244487DC7}
		{0CFE8E1F-3296-CC66-E072-5EA6D64AB91B} = {7066CAF8-9492-4F63-BD0E-CD6244487DC7}
	EndGlobalSection
	GlobalSection(ExtensibilityGlobals) = postSolution
		SolutionGuid = {DF6F9BE9-E206-4D6E-9FA9-4D10F81BF3C6}
	EndGlobalSection
EndGlobal
